// !$*UTF8*$!
{
	archiveVersion = 1;
	classes = {
	};
	objectVersion = 46;
	objects = {

/* Begin PBXBuildFile section */
		DA0870E01CE3448400A28302 /* AccelerometerTask.swift in Sources */ = {isa = PBXBuildFile; fileRef = DA0870DF1CE3448400A28302 /* AccelerometerTask.swift */; };
		DA0870E21CE345B400A28302 /* AccelerometerStep.swift in Sources */ = {isa = PBXBuildFile; fileRef = DA0870E11CE345B400A28302 /* AccelerometerStep.swift */; };
		DA19E5831CC7724D00E26A07 /* WatchStepViewController.swift in Sources */ = {isa = PBXBuildFile; fileRef = DA19E5821CC7724D00E26A07 /* WatchStepViewController.swift */; };
		DA49F7D81CF56C3C00FDD1E1 /* EligibilityViewController.swift in Sources */ = {isa = PBXBuildFile; fileRef = DA49F7D71CF56C3C00FDD1E1 /* EligibilityViewController.swift */; };
		DA49F7DA1CF5922600FDD1E1 /* ConsentTask.swift in Sources */ = {isa = PBXBuildFile; fileRef = DA49F7D91CF5922600FDD1E1 /* ConsentTask.swift */; };
		DA5C4C8C1CD14DA6008CC643 /* QuestionnaireTask.swift in Sources */ = {isa = PBXBuildFile; fileRef = DA5C4C8B1CD14DA6008CC643 /* QuestionnaireTask.swift */; };
		DA6D096A1D4978C300A16C2A /* DemographicTask.swift in Sources */ = {isa = PBXBuildFile; fileRef = DA6D09691D4978C300A16C2A /* DemographicTask.swift */; };
		DA6D096D1D4A02C700A16C2A /* PDCharacteristicsTask.swift in Sources */ = {isa = PBXBuildFile; fileRef = DA6D096C1D4A02C700A16C2A /* PDCharacteristicsTask.swift */; };
		DA6D096F1D4B1B7100A16C2A /* AnalysisTableCell.swift in Sources */ = {isa = PBXBuildFile; fileRef = DA6D096E1D4B1B7100A16C2A /* AnalysisTableCell.swift */; };
		DA70C8801CA4AF9900A83969 /* ImageTableViewCell.swift in Sources */ = {isa = PBXBuildFile; fileRef = DA70C87C1CA4AF9900A83969 /* ImageTableViewCell.swift */; };
		DA70C8811CA4AF9900A83969 /* ResultTableViewProviders.swift in Sources */ = {isa = PBXBuildFile; fileRef = DA70C87D1CA4AF9900A83969 /* ResultTableViewProviders.swift */; };
		DA70C8821CA4AF9900A83969 /* ResultViewController.swift in Sources */ = {isa = PBXBuildFile; fileRef = DA70C87E1CA4AF9900A83969 /* ResultViewController.swift */; };
		DA70C8831CA4AF9900A83969 /* TextImageTableViewCell.swift in Sources */ = {isa = PBXBuildFile; fileRef = DA70C87F1CA4AF9900A83969 /* TextImageTableViewCell.swift */; };
		DA7B9BBF1CA370160095794F /* ViewController.swift in Sources */ = {isa = PBXBuildFile; fileRef = DA7B9BBE1CA370160095794F /* ViewController.swift */; };
		DA7B9BC41CA370160095794F /* Assets.xcassets in Resources */ = {isa = PBXBuildFile; fileRef = DA7B9BC31CA370160095794F /* Assets.xcassets */; };
		DA7B9BC71CA370160095794F /* LaunchScreen.storyboard in Resources */ = {isa = PBXBuildFile; fileRef = DA7B9BC51CA370160095794F /* LaunchScreen.storyboard */; };
		DA7B9BD21CA370160095794F /* myNeuroTests.swift in Sources */ = {isa = PBXBuildFile; fileRef = DA7B9BD11CA370160095794F /* myNeuroTests.swift */; };
		DA7B9BFF1CA37F430095794F /* SurveyTask.swift in Sources */ = {isa = PBXBuildFile; fileRef = DA7B9BFE1CA37F430095794F /* SurveyTask.swift */; };
		DA7B9C021CA3803A0095794F /* Images.xcassets in Resources */ = {isa = PBXBuildFile; fileRef = DA7B9C011CA3803A0095794F /* Images.xcassets */; };
		DA7B9C511CA3BA0F0095794F /* Main.storyboard in Resources */ = {isa = PBXBuildFile; fileRef = DA7B9C4F1CA3BA0F0095794F /* Main.storyboard */; };
		DA7B9C6B1CA3BB570095794F /* ActivityViewController.swift in Sources */ = {isa = PBXBuildFile; fileRef = DA7B9C551CA3BB570095794F /* ActivityViewController.swift */; };
		DA7B9C6C1CA3BB570095794F /* AnimatableChart.swift in Sources */ = {isa = PBXBuildFile; fileRef = DA7B9C561CA3BB570095794F /* AnimatableChart.swift */; };
		DA7B9C6D1CA3BB570095794F /* AppDelegate.swift in Sources */ = {isa = PBXBuildFile; fileRef = DA7B9C571CA3BB570095794F /* AppDelegate.swift */; };
		DA7B9C6E1CA3BB570095794F /* ConsentDocument.swift in Sources */ = {isa = PBXBuildFile; fileRef = DA7B9C581CA3BB570095794F /* ConsentDocument.swift */; };
		DA7B9C6F1CA3BB570095794F /* DashboardTableViewController.swift in Sources */ = {isa = PBXBuildFile; fileRef = DA7B9C591CA3BB570095794F /* DashboardTableViewController.swift */; };
		DA7B9C701CA3BB570095794F /* DiscreteGraphDataSource.swift in Sources */ = {isa = PBXBuildFile; fileRef = DA7B9C5A1CA3BB570095794F /* DiscreteGraphDataSource.swift */; };
		DA7B9C711CA3BB570095794F /* HealthClientType.swift in Sources */ = {isa = PBXBuildFile; fileRef = DA7B9C5B1CA3BB570095794F /* HealthClientType.swift */; };
		DA7B9C721CA3BB570095794F /* HealthDataStep.swift in Sources */ = {isa = PBXBuildFile; fileRef = DA7B9C5C1CA3BB570095794F /* HealthDataStep.swift */; };
		DA7B9C731CA3BB570095794F /* HealthDataStepViewController.swift in Sources */ = {isa = PBXBuildFile; fileRef = DA7B9C5D1CA3BB570095794F /* HealthDataStepViewController.swift */; };
		DA7B9C741CA3BB570095794F /* HKHealthStore+Queries.swift in Sources */ = {isa = PBXBuildFile; fileRef = DA7B9C5E1CA3BB570095794F /* HKHealthStore+Queries.swift */; };
		DA7B9C751CA3BB570095794F /* IntroductionViewController.swift in Sources */ = {isa = PBXBuildFile; fileRef = DA7B9C5F1CA3BB570095794F /* IntroductionViewController.swift */; };
		DA7B9C761CA3BB570095794F /* LineGraphDataSource.swift in Sources */ = {isa = PBXBuildFile; fileRef = DA7B9C601CA3BB570095794F /* LineGraphDataSource.swift */; };
		DA7B9C771CA3BB570095794F /* OnboardingViewController.swift in Sources */ = {isa = PBXBuildFile; fileRef = DA7B9C611CA3BB570095794F /* OnboardingViewController.swift */; };
		DA7B9C791CA3BB570095794F /* PieChartDataSource.swift in Sources */ = {isa = PBXBuildFile; fileRef = DA7B9C631CA3BB570095794F /* PieChartDataSource.swift */; };
		DA7B9C7A1CA3BB570095794F /* ProfileHeaderView.swift in Sources */ = {isa = PBXBuildFile; fileRef = DA7B9C641CA3BB570095794F /* ProfileHeaderView.swift */; };
		DA7B9C7B1CA3BB570095794F /* ProfileStaticTableViewCell.swift in Sources */ = {isa = PBXBuildFile; fileRef = DA7B9C651CA3BB570095794F /* ProfileStaticTableViewCell.swift */; };
		DA7B9C7C1CA3BB570095794F /* ProfileViewController.swift in Sources */ = {isa = PBXBuildFile; fileRef = DA7B9C661CA3BB570095794F /* ProfileViewController.swift */; };
		DA7B9C7D1CA3BB570095794F /* ResearchContainerSegue.swift in Sources */ = {isa = PBXBuildFile; fileRef = DA7B9C671CA3BB570095794F /* ResearchContainerSegue.swift */; };
		DA7B9C7E1CA3BB570095794F /* ResearchContainerViewController.swift in Sources */ = {isa = PBXBuildFile; fileRef = DA7B9C681CA3BB570095794F /* ResearchContainerViewController.swift */; };
		DA7B9C801CA3BB570095794F /* WithdrawViewController.swift in Sources */ = {isa = PBXBuildFile; fileRef = DA7B9C6A1CA3BB570095794F /* WithdrawViewController.swift */; };
		DA7D01CB1CF75E3700BE6CEB /* Skin.swift in Sources */ = {isa = PBXBuildFile; fileRef = DA7D01CA1CF75E3700BE6CEB /* Skin.swift */; };
		DAA5CE651D2F21CB00CF86C8 /* SwiftyJSON.swift in Sources */ = {isa = PBXBuildFile; fileRef = DAA5CE641D2F21CB00CF86C8 /* SwiftyJSON.swift */; };
		DAA5CE6C1D2F595100CF86C8 /* myNeuro.xcdatamodeld in Sources */ = {isa = PBXBuildFile; fileRef = DAA5CE6A1D2F595100CF86C8 /* myNeuro.xcdatamodeld */; };
		DAA5CE731D2F689400CF86C8 /* Interface.storyboard in Resources */ = {isa = PBXBuildFile; fileRef = DAA5CE711D2F689400CF86C8 /* Interface.storyboard */; };
		DAA5CE751D2F689400CF86C8 /* Assets.xcassets in Resources */ = {isa = PBXBuildFile; fileRef = DAA5CE741D2F689400CF86C8 /* Assets.xcassets */; };
		DAA5CE7C1D2F689400CF86C8 /* neuroWatch Extension.appex in Embed App Extensions */ = {isa = PBXBuildFile; fileRef = DAA5CE7B1D2F689400CF86C8 /* neuroWatch Extension.appex */; settings = {ATTRIBUTES = (RemoveHeadersOnCopy, ); }; };
		DAA5CE831D2F689500CF86C8 /* InterfaceController.swift in Sources */ = {isa = PBXBuildFile; fileRef = DAA5CE821D2F689500CF86C8 /* InterfaceController.swift */; };
		DAA5CE851D2F689500CF86C8 /* ExtensionDelegate.swift in Sources */ = {isa = PBXBuildFile; fileRef = DAA5CE841D2F689500CF86C8 /* ExtensionDelegate.swift */; };
		DAA5CE871D2F689500CF86C8 /* NotificationController.swift in Sources */ = {isa = PBXBuildFile; fileRef = DAA5CE861D2F689500CF86C8 /* NotificationController.swift */; };
		DAA5CE891D2F689500CF86C8 /* Assets.xcassets in Resources */ = {isa = PBXBuildFile; fileRef = DAA5CE881D2F689500CF86C8 /* Assets.xcassets */; };
		DAA5CE8D1D2F689500CF86C8 /* neuroWatch.app in Embed Watch Content */ = {isa = PBXBuildFile; fileRef = DAA5CE6F1D2F689400CF86C8 /* neuroWatch.app */; };
		DAA5CEBE1D2F6C5300CF86C8 /* AccelerometerInterfaceController.swift in Sources */ = {isa = PBXBuildFile; fileRef = DAA5CEBD1D2F6C5300CF86C8 /* AccelerometerInterfaceController.swift */; };
		DAA5CEC01D2F6F3100CF86C8 /* RowController.swift in Sources */ = {isa = PBXBuildFile; fileRef = DAA5CEBF1D2F6F3100CF86C8 /* RowController.swift */; };
		DAA5CEC21D2F707500CF86C8 /* GyroscopeInterfaceController.swift in Sources */ = {isa = PBXBuildFile; fileRef = DAA5CEC11D2F707500CF86C8 /* GyroscopeInterfaceController.swift */; };
		DAA5CEC41D2F709400CF86C8 /* DeviceMotionInterfaceController.swift in Sources */ = {isa = PBXBuildFile; fileRef = DAA5CEC31D2F709400CF86C8 /* DeviceMotionInterfaceController.swift */; };
		DAA5CEC61D2F70B100CF86C8 /* PedometerInterfaceController.swift in Sources */ = {isa = PBXBuildFile; fileRef = DAA5CEC51D2F70B100CF86C8 /* PedometerInterfaceController.swift */; };
		DAA5CEC81D2F70C200CF86C8 /* HeartRateInterfaceController.swift in Sources */ = {isa = PBXBuildFile; fileRef = DAA5CEC71D2F70C200CF86C8 /* HeartRateInterfaceController.swift */; };
		DAA6E0631D5DE2A900ABB4EE /* TremorTaskInterfaceController.swift in Sources */ = {isa = PBXBuildFile; fileRef = DAA6E0621D5DE2A900ABB4EE /* TremorTaskInterfaceController.swift */; };
		DABFD2011CABC25C0057BCF9 /* CustomTabBarController.swift in Sources */ = {isa = PBXBuildFile; fileRef = DABFD2001CABC25C0057BCF9 /* CustomTabBarController.swift */; };
		DABFD2081CABD3640057BCF9 /* AnalysisViewController.swift in Sources */ = {isa = PBXBuildFile; fileRef = DABFD2071CABD3640057BCF9 /* AnalysisViewController.swift */; };
		DABFD2121CB4F7580057BCF9 /* Math.swift in Sources */ = {isa = PBXBuildFile; fileRef = DABFD2111CB4F7580057BCF9 /* Math.swift */; };
		DAD02C471D5E4D19006DF283 /* WatchConnectStep.swift in Sources */ = {isa = PBXBuildFile; fileRef = DAD02C461D5E4D19006DF283 /* WatchConnectStep.swift */; };
		DAD02C4B1D5E4D5A006DF283 /* WatchConnectStepViewController.swift in Sources */ = {isa = PBXBuildFile; fileRef = DAD02C4A1D5E4D5A006DF283 /* WatchConnectStepViewController.swift */; };
		DAD02C4C1D5E836F006DF283 /* SwiftyJSON.swift in Sources */ = {isa = PBXBuildFile; fileRef = DAA5CE641D2F21CB00CF86C8 /* SwiftyJSON.swift */; };
		DAD02C4F1D62B7BE006DF283 /* FingerTappingInterfaceController.swift in Sources */ = {isa = PBXBuildFile; fileRef = DAD02C4E1D62B7BE006DF283 /* FingerTappingInterfaceController.swift */; };
		DAD02C531D63002A006DF283 /* BradyWStep.swift in Sources */ = {isa = PBXBuildFile; fileRef = DAD02C521D63002A006DF283 /* BradyWStep.swift */; };
		DAD02C551D630047006DF283 /* BradyWStepViewController.swift in Sources */ = {isa = PBXBuildFile; fileRef = DAD02C541D630047006DF283 /* BradyWStepViewController.swift */; };
		DAD02C571D6305E8006DF283 /* BradyWTask.swift in Sources */ = {isa = PBXBuildFile; fileRef = DAD02C561D6305E8006DF283 /* BradyWTask.swift */; };
		DAD02C6B1D63AC75006DF283 /* AWSAPIGateway.framework in Frameworks */ = {isa = PBXBuildFile; fileRef = DAD02C581D63AC74006DF283 /* AWSAPIGateway.framework */; };
		DAD02C6C1D63AC75006DF283 /* AWSAPIGateway.framework in Embed Frameworks */ = {isa = PBXBuildFile; fileRef = DAD02C581D63AC74006DF283 /* AWSAPIGateway.framework */; settings = {ATTRIBUTES = (CodeSignOnCopy, RemoveHeadersOnCopy, ); }; };
		DAD02C6D1D63AC75006DF283 /* AWSAutoScaling.framework in Frameworks */ = {isa = PBXBuildFile; fileRef = DAD02C591D63AC74006DF283 /* AWSAutoScaling.framework */; };
		DAD02C6E1D63AC75006DF283 /* AWSAutoScaling.framework in Embed Frameworks */ = {isa = PBXBuildFile; fileRef = DAD02C591D63AC74006DF283 /* AWSAutoScaling.framework */; settings = {ATTRIBUTES = (CodeSignOnCopy, RemoveHeadersOnCopy, ); }; };
		DAD02C6F1D63AC75006DF283 /* AWSCloudWatch.framework in Frameworks */ = {isa = PBXBuildFile; fileRef = DAD02C5A1D63AC74006DF283 /* AWSCloudWatch.framework */; };
		DAD02C701D63AC75006DF283 /* AWSCloudWatch.framework in Embed Frameworks */ = {isa = PBXBuildFile; fileRef = DAD02C5A1D63AC74006DF283 /* AWSCloudWatch.framework */; settings = {ATTRIBUTES = (CodeSignOnCopy, RemoveHeadersOnCopy, ); }; };
		DAD02C711D63AC75006DF283 /* AWSCognito.framework in Frameworks */ = {isa = PBXBuildFile; fileRef = DAD02C5B1D63AC74006DF283 /* AWSCognito.framework */; };
		DAD02C721D63AC75006DF283 /* AWSCognito.framework in Embed Frameworks */ = {isa = PBXBuildFile; fileRef = DAD02C5B1D63AC74006DF283 /* AWSCognito.framework */; settings = {ATTRIBUTES = (CodeSignOnCopy, RemoveHeadersOnCopy, ); }; };
		DAD02C731D63AC75006DF283 /* AWSCognitoIdentityProvider.framework in Frameworks */ = {isa = PBXBuildFile; fileRef = DAD02C5C1D63AC74006DF283 /* AWSCognitoIdentityProvider.framework */; };
		DAD02C741D63AC75006DF283 /* AWSCognitoIdentityProvider.framework in Embed Frameworks */ = {isa = PBXBuildFile; fileRef = DAD02C5C1D63AC74006DF283 /* AWSCognitoIdentityProvider.framework */; settings = {ATTRIBUTES = (CodeSignOnCopy, RemoveHeadersOnCopy, ); }; };
		DAD02C751D63AC75006DF283 /* AWSCore.framework in Frameworks */ = {isa = PBXBuildFile; fileRef = DAD02C5D1D63AC74006DF283 /* AWSCore.framework */; };
		DAD02C761D63AC75006DF283 /* AWSCore.framework in Embed Frameworks */ = {isa = PBXBuildFile; fileRef = DAD02C5D1D63AC74006DF283 /* AWSCore.framework */; settings = {ATTRIBUTES = (CodeSignOnCopy, RemoveHeadersOnCopy, ); }; };
		DAD02C771D63AC75006DF283 /* AWSDynamoDB.framework in Frameworks */ = {isa = PBXBuildFile; fileRef = DAD02C5E1D63AC74006DF283 /* AWSDynamoDB.framework */; };
		DAD02C781D63AC75006DF283 /* AWSDynamoDB.framework in Embed Frameworks */ = {isa = PBXBuildFile; fileRef = DAD02C5E1D63AC74006DF283 /* AWSDynamoDB.framework */; settings = {ATTRIBUTES = (CodeSignOnCopy, RemoveHeadersOnCopy, ); }; };
		DAD02C791D63AC75006DF283 /* AWSEC2.framework in Frameworks */ = {isa = PBXBuildFile; fileRef = DAD02C5F1D63AC74006DF283 /* AWSEC2.framework */; };
		DAD02C7A1D63AC75006DF283 /* AWSEC2.framework in Embed Frameworks */ = {isa = PBXBuildFile; fileRef = DAD02C5F1D63AC74006DF283 /* AWSEC2.framework */; settings = {ATTRIBUTES = (CodeSignOnCopy, RemoveHeadersOnCopy, ); }; };
		DAD02C7B1D63AC75006DF283 /* AWSElasticLoadBalancing.framework in Frameworks */ = {isa = PBXBuildFile; fileRef = DAD02C601D63AC74006DF283 /* AWSElasticLoadBalancing.framework */; };
		DAD02C7C1D63AC75006DF283 /* AWSElasticLoadBalancing.framework in Embed Frameworks */ = {isa = PBXBuildFile; fileRef = DAD02C601D63AC74006DF283 /* AWSElasticLoadBalancing.framework */; settings = {ATTRIBUTES = (CodeSignOnCopy, RemoveHeadersOnCopy, ); }; };
		DAD02C7D1D63AC75006DF283 /* AWSIoT.framework in Frameworks */ = {isa = PBXBuildFile; fileRef = DAD02C611D63AC74006DF283 /* AWSIoT.framework */; };
		DAD02C7E1D63AC75006DF283 /* AWSIoT.framework in Embed Frameworks */ = {isa = PBXBuildFile; fileRef = DAD02C611D63AC74006DF283 /* AWSIoT.framework */; settings = {ATTRIBUTES = (CodeSignOnCopy, RemoveHeadersOnCopy, ); }; };
		DAD02C7F1D63AC76006DF283 /* AWSKinesis.framework in Frameworks */ = {isa = PBXBuildFile; fileRef = DAD02C621D63AC74006DF283 /* AWSKinesis.framework */; };
		DAD02C801D63AC76006DF283 /* AWSKinesis.framework in Embed Frameworks */ = {isa = PBXBuildFile; fileRef = DAD02C621D63AC74006DF283 /* AWSKinesis.framework */; settings = {ATTRIBUTES = (CodeSignOnCopy, RemoveHeadersOnCopy, ); }; };
		DAD02C811D63AC76006DF283 /* AWSLambda.framework in Frameworks */ = {isa = PBXBuildFile; fileRef = DAD02C631D63AC74006DF283 /* AWSLambda.framework */; };
		DAD02C821D63AC76006DF283 /* AWSLambda.framework in Embed Frameworks */ = {isa = PBXBuildFile; fileRef = DAD02C631D63AC74006DF283 /* AWSLambda.framework */; settings = {ATTRIBUTES = (CodeSignOnCopy, RemoveHeadersOnCopy, ); }; };
		DAD02C831D63AC76006DF283 /* AWSMachineLearning.framework in Frameworks */ = {isa = PBXBuildFile; fileRef = DAD02C641D63AC74006DF283 /* AWSMachineLearning.framework */; };
		DAD02C841D63AC76006DF283 /* AWSMachineLearning.framework in Embed Frameworks */ = {isa = PBXBuildFile; fileRef = DAD02C641D63AC74006DF283 /* AWSMachineLearning.framework */; settings = {ATTRIBUTES = (CodeSignOnCopy, RemoveHeadersOnCopy, ); }; };
		DAD02C851D63AC76006DF283 /* AWSMobileAnalytics.framework in Frameworks */ = {isa = PBXBuildFile; fileRef = DAD02C651D63AC74006DF283 /* AWSMobileAnalytics.framework */; };
		DAD02C861D63AC76006DF283 /* AWSMobileAnalytics.framework in Embed Frameworks */ = {isa = PBXBuildFile; fileRef = DAD02C651D63AC74006DF283 /* AWSMobileAnalytics.framework */; settings = {ATTRIBUTES = (CodeSignOnCopy, RemoveHeadersOnCopy, ); }; };
		DAD02C871D63AC76006DF283 /* AWSS3.framework in Frameworks */ = {isa = PBXBuildFile; fileRef = DAD02C661D63AC74006DF283 /* AWSS3.framework */; };
		DAD02C881D63AC76006DF283 /* AWSS3.framework in Embed Frameworks */ = {isa = PBXBuildFile; fileRef = DAD02C661D63AC74006DF283 /* AWSS3.framework */; settings = {ATTRIBUTES = (CodeSignOnCopy, RemoveHeadersOnCopy, ); }; };
		DAD02C891D63AC76006DF283 /* AWSSES.framework in Frameworks */ = {isa = PBXBuildFile; fileRef = DAD02C671D63AC74006DF283 /* AWSSES.framework */; };
		DAD02C8A1D63AC76006DF283 /* AWSSES.framework in Embed Frameworks */ = {isa = PBXBuildFile; fileRef = DAD02C671D63AC74006DF283 /* AWSSES.framework */; settings = {ATTRIBUTES = (CodeSignOnCopy, RemoveHeadersOnCopy, ); }; };
		DAD02C8B1D63AC76006DF283 /* AWSSimpleDB.framework in Frameworks */ = {isa = PBXBuildFile; fileRef = DAD02C681D63AC75006DF283 /* AWSSimpleDB.framework */; };
		DAD02C8C1D63AC76006DF283 /* AWSSimpleDB.framework in Embed Frameworks */ = {isa = PBXBuildFile; fileRef = DAD02C681D63AC75006DF283 /* AWSSimpleDB.framework */; settings = {ATTRIBUTES = (CodeSignOnCopy, RemoveHeadersOnCopy, ); }; };
		DAD02C8D1D63AC76006DF283 /* AWSSNS.framework in Frameworks */ = {isa = PBXBuildFile; fileRef = DAD02C691D63AC75006DF283 /* AWSSNS.framework */; };
		DAD02C8E1D63AC76006DF283 /* AWSSNS.framework in Embed Frameworks */ = {isa = PBXBuildFile; fileRef = DAD02C691D63AC75006DF283 /* AWSSNS.framework */; settings = {ATTRIBUTES = (CodeSignOnCopy, RemoveHeadersOnCopy, ); }; };
		DAD02C8F1D63AC76006DF283 /* AWSSQS.framework in Frameworks */ = {isa = PBXBuildFile; fileRef = DAD02C6A1D63AC75006DF283 /* AWSSQS.framework */; };
		DAD02C901D63AC76006DF283 /* AWSSQS.framework in Embed Frameworks */ = {isa = PBXBuildFile; fileRef = DAD02C6A1D63AC75006DF283 /* AWSSQS.framework */; settings = {ATTRIBUTES = (CodeSignOnCopy, RemoveHeadersOnCopy, ); }; };
		DAD5276C1D40715A00B5C08B /* ResearchKit.framework in Frameworks */ = {isa = PBXBuildFile; fileRef = DAD527691D404E4700B5C08B /* ResearchKit.framework */; };
		DAD5276D1D40715A00B5C08B /* ResearchKit.framework in Embed Frameworks */ = {isa = PBXBuildFile; fileRef = DAD527691D404E4700B5C08B /* ResearchKit.framework */; settings = {ATTRIBUTES = (CodeSignOnCopy, RemoveHeadersOnCopy, ); }; };
		DAD527721D41146000B5C08B /* CoreDataStack.swift in Sources */ = {isa = PBXBuildFile; fileRef = DAD527711D41146000B5C08B /* CoreDataStack.swift */; };
		DAD527741D412B5600B5C08B /* CoreDataObjects.swift in Sources */ = {isa = PBXBuildFile; fileRef = DAD527731D412B5600B5C08B /* CoreDataObjects.swift */; };
		DADBDFC41D243F3000A707D6 /* MotionStepViewController.swift in Sources */ = {isa = PBXBuildFile; fileRef = DADBDFC31D243F3000A707D6 /* MotionStepViewController.swift */; };
		DADBDFC71D2445FE00A707D6 /* BradykinesiaTask.swift in Sources */ = {isa = PBXBuildFile; fileRef = DADBDFC61D2445FE00A707D6 /* BradykinesiaTask.swift */; };
		DADBDFCA1D26122200A707D6 /* GaitTask.swift in Sources */ = {isa = PBXBuildFile; fileRef = DADBDFC91D26122200A707D6 /* GaitTask.swift */; };
		DADBDFD21D26E81F00A707D6 /* ResultsToCoreData.swift in Sources */ = {isa = PBXBuildFile; fileRef = DADBDFD11D26E81F00A707D6 /* ResultsToCoreData.swift */; };
		DADC136F1D403A850057F5F4 /* HealthKit.framework in Frameworks */ = {isa = PBXBuildFile; fileRef = DAE597FD1D3DA766005F064E /* HealthKit.framework */; };
		DAE597FE1D3DA766005F064E /* HealthKit.framework in Frameworks */ = {isa = PBXBuildFile; fileRef = DAE597FD1D3DA766005F064E /* HealthKit.framework */; };
		DAEB9C521CD9FB4A000C164D /* WatchStep.swift in Sources */ = {isa = PBXBuildFile; fileRef = DAEB9C511CD9FB4A000C164D /* WatchStep.swift */; };
		DAEB9C581CD9FB9D000C164D /* WatchTask.swift in Sources */ = {isa = PBXBuildFile; fileRef = DAEB9C571CD9FB9D000C164D /* WatchTask.swift */; };
		DAEB9C5B1CD9FCB0000C164D /* AccelerometerStepViewController.swift in Sources */ = {isa = PBXBuildFile; fileRef = DAEB9C5A1CD9FCB0000C164D /* AccelerometerStepViewController.swift */; };
		DAEC01541D345BCB00202C91 /* WatchSample.swift in Sources */ = {isa = PBXBuildFile; fileRef = DAEC01531D345BCB00202C91 /* WatchSample.swift */; };
		DAEC01551D345C1400202C91 /* WatchSample.swift in Sources */ = {isa = PBXBuildFile; fileRef = DAEC01531D345BCB00202C91 /* WatchSample.swift */; };
		DAEC01571D34627700202C91 /* TremorTaskW.swift in Sources */ = {isa = PBXBuildFile; fileRef = DAEC01561D34627700202C91 /* TremorTaskW.swift */; };
		DAEC01591D34651500202C91 /* TremorStepW.swift in Sources */ = {isa = PBXBuildFile; fileRef = DAEC01581D34651500202C91 /* TremorStepW.swift */; };
		DAEC015B1D34652E00202C91 /* TremorStepWViewController.swift in Sources */ = {isa = PBXBuildFile; fileRef = DAEC015A1D34652E00202C91 /* TremorStepWViewController.swift */; };
		DAEE33E61CEE5BBA008A270C /* TremorTask.swift in Sources */ = {isa = PBXBuildFile; fileRef = DAEE33E51CEE5BBA008A270C /* TremorTask.swift */; };
		DAF0C3891D11ECD600B8D8D8 /* EligibleViewController.swift in Sources */ = {isa = PBXBuildFile; fileRef = DAF0C3881D11ECD600B8D8D8 /* EligibleViewController.swift */; };
/* End PBXBuildFile section */

/* Begin PBXContainerItemProxy section */
		DA7B9BCE1CA370160095794F /* PBXContainerItemProxy */ = {
			isa = PBXContainerItemProxy;
			containerPortal = DA7B9BB11CA370160095794F /* Project object */;
			proxyType = 1;
			remoteGlobalIDString = DA7B9BB81CA370160095794F;
			remoteInfo = myNeuro;
		};
		DAA5CE7D1D2F689400CF86C8 /* PBXContainerItemProxy */ = {
			isa = PBXContainerItemProxy;
			containerPortal = DA7B9BB11CA370160095794F /* Project object */;
			proxyType = 1;
			remoteGlobalIDString = DAA5CE7A1D2F689400CF86C8;
			remoteInfo = "neuroWatch Extension";
		};
		DAA5CE8B1D2F689500CF86C8 /* PBXContainerItemProxy */ = {
			isa = PBXContainerItemProxy;
			containerPortal = DA7B9BB11CA370160095794F /* Project object */;
			proxyType = 1;
			remoteGlobalIDString = DAA5CE6E1D2F689400CF86C8;
			remoteInfo = neuroWatch;
		};
		DAD527681D404E4700B5C08B /* PBXContainerItemProxy */ = {
			isa = PBXContainerItemProxy;
			containerPortal = DAD527501D404E1500B5C08B /* ResearchKit.xcodeproj */;
			proxyType = 2;
			remoteGlobalIDString = B183A5951A8535D100C76870;
			remoteInfo = ResearchKit;
		};
		DAD5276A1D404E4700B5C08B /* PBXContainerItemProxy */ = {
			isa = PBXContainerItemProxy;
			containerPortal = DAD527501D404E1500B5C08B /* ResearchKit.xcodeproj */;
			proxyType = 2;
			remoteGlobalIDString = 86CC8E9A1AC09332001CCD89;
			remoteInfo = ResearchKitTests;
		};
		DAD5276E1D40715A00B5C08B /* PBXContainerItemProxy */ = {
			isa = PBXContainerItemProxy;
			containerPortal = DAD527501D404E1500B5C08B /* ResearchKit.xcodeproj */;
			proxyType = 1;
			remoteGlobalIDString = B183A4731A8535D100C76870;
			remoteInfo = ResearchKit;
		};
/* End PBXContainerItemProxy section */

/* Begin PBXCopyFilesBuildPhase section */
		DA5B193D1D403B6F000406AC /* Embed Frameworks */ = {
			isa = PBXCopyFilesBuildPhase;
			buildActionMask = 2147483647;
			dstPath = "";
			dstSubfolderSpec = 10;
			files = (
			);
			name = "Embed Frameworks";
			runOnlyForDeploymentPostprocessing = 0;
		};
		DA5B195B1D403F9D000406AC /* Embed Frameworks */ = {
			isa = PBXCopyFilesBuildPhase;
			buildActionMask = 2147483647;
			dstPath = "";
			dstSubfolderSpec = 10;
			files = (
				DAD02C841D63AC76006DF283 /* AWSMachineLearning.framework in Embed Frameworks */,
				DAD02C701D63AC75006DF283 /* AWSCloudWatch.framework in Embed Frameworks */,
				DAD02C761D63AC75006DF283 /* AWSCore.framework in Embed Frameworks */,
				DAD02C781D63AC75006DF283 /* AWSDynamoDB.framework in Embed Frameworks */,
				DAD02C861D63AC76006DF283 /* AWSMobileAnalytics.framework in Embed Frameworks */,
				DAD02C821D63AC76006DF283 /* AWSLambda.framework in Embed Frameworks */,
				DAD02C7E1D63AC75006DF283 /* AWSIoT.framework in Embed Frameworks */,
				DAD02C741D63AC75006DF283 /* AWSCognitoIdentityProvider.framework in Embed Frameworks */,
				DAD02C801D63AC76006DF283 /* AWSKinesis.framework in Embed Frameworks */,
				DAD02C6E1D63AC75006DF283 /* AWSAutoScaling.framework in Embed Frameworks */,
				DAD02C901D63AC76006DF283 /* AWSSQS.framework in Embed Frameworks */,
				DAD02C6C1D63AC75006DF283 /* AWSAPIGateway.framework in Embed Frameworks */,
				DAD02C7C1D63AC75006DF283 /* AWSElasticLoadBalancing.framework in Embed Frameworks */,
				DAD02C881D63AC76006DF283 /* AWSS3.framework in Embed Frameworks */,
				DAD5276D1D40715A00B5C08B /* ResearchKit.framework in Embed Frameworks */,
				DAD02C8E1D63AC76006DF283 /* AWSSNS.framework in Embed Frameworks */,
				DAD02C721D63AC75006DF283 /* AWSCognito.framework in Embed Frameworks */,
				DAD02C8A1D63AC76006DF283 /* AWSSES.framework in Embed Frameworks */,
				DAD02C8C1D63AC76006DF283 /* AWSSimpleDB.framework in Embed Frameworks */,
				DAD02C7A1D63AC75006DF283 /* AWSEC2.framework in Embed Frameworks */,
			);
			name = "Embed Frameworks";
			runOnlyForDeploymentPostprocessing = 0;
		};
		DAA5CE911D2F689500CF86C8 /* Embed App Extensions */ = {
			isa = PBXCopyFilesBuildPhase;
			buildActionMask = 2147483647;
			dstPath = "";
			dstSubfolderSpec = 13;
			files = (
				DAA5CE7C1D2F689400CF86C8 /* neuroWatch Extension.appex in Embed App Extensions */,
			);
			name = "Embed App Extensions";
			runOnlyForDeploymentPostprocessing = 0;
		};
		DAA5CE951D2F689500CF86C8 /* Embed Watch Content */ = {
			isa = PBXCopyFilesBuildPhase;
			buildActionMask = 2147483647;
			dstPath = "$(CONTENTS_FOLDER_PATH)/Watch";
			dstSubfolderSpec = 16;
			files = (
				DAA5CE8D1D2F689500CF86C8 /* neuroWatch.app in Embed Watch Content */,
			);
			name = "Embed Watch Content";
			runOnlyForDeploymentPostprocessing = 0;
		};
/* End PBXCopyFilesBuildPhase section */

/* Begin PBXFileReference section */
		DA0870DF1CE3448400A28302 /* AccelerometerTask.swift */ = {isa = PBXFileReference; fileEncoding = 4; lastKnownFileType = sourcecode.swift; name = AccelerometerTask.swift; path = myNeuro/Developer/Accelerometer/AccelerometerTask.swift; sourceTree = "<group>"; };
		DA0870E11CE345B400A28302 /* AccelerometerStep.swift */ = {isa = PBXFileReference; fileEncoding = 4; lastKnownFileType = sourcecode.swift; name = AccelerometerStep.swift; path = myNeuro/Developer/Accelerometer/AccelerometerStep.swift; sourceTree = "<group>"; };
		DA19E5821CC7724D00E26A07 /* WatchStepViewController.swift */ = {isa = PBXFileReference; fileEncoding = 4; lastKnownFileType = sourcecode.swift; name = WatchStepViewController.swift; path = myNeuro/Developer/Watch/WatchStepViewController.swift; sourceTree = "<group>"; };
		DA49F7D71CF56C3C00FDD1E1 /* EligibilityViewController.swift */ = {isa = PBXFileReference; fileEncoding = 4; lastKnownFileType = sourcecode.swift; name = EligibilityViewController.swift; path = Onboarding/EligibilityViewController.swift; sourceTree = "<group>"; };
		DA49F7D91CF5922600FDD1E1 /* ConsentTask.swift */ = {isa = PBXFileReference; fileEncoding = 4; lastKnownFileType = sourcecode.swift; name = ConsentTask.swift; path = Onboarding/ConsentTask.swift; sourceTree = "<group>"; };
		DA5C4C8B1CD14DA6008CC643 /* QuestionnaireTask.swift */ = {isa = PBXFileReference; fileEncoding = 4; lastKnownFileType = sourcecode.swift; name = QuestionnaireTask.swift; path = TasksAndSteps/QuestionnaireTask/QuestionnaireTask.swift; sourceTree = "<group>"; };
		DA6C51491CC75DBA007A37C5 /* myNeuro.entitlements */ = {isa = PBXFileReference; lastKnownFileType = text.xml; path = myNeuro.entitlements; sourceTree = "<group>"; };
		DA6D09691D4978C300A16C2A /* DemographicTask.swift */ = {isa = PBXFileReference; fileEncoding = 4; lastKnownFileType = sourcecode.swift; name = DemographicTask.swift; path = TasksAndSteps/DemographicTask/DemographicTask.swift; sourceTree = "<group>"; };
		DA6D096C1D4A02C700A16C2A /* PDCharacteristicsTask.swift */ = {isa = PBXFileReference; fileEncoding = 4; lastKnownFileType = sourcecode.swift; name = PDCharacteristicsTask.swift; path = TasksAndSteps/PDCharacteristicsTask/PDCharacteristicsTask.swift; sourceTree = "<group>"; };
		DA6D096E1D4B1B7100A16C2A /* AnalysisTableCell.swift */ = {isa = PBXFileReference; fileEncoding = 4; lastKnownFileType = sourcecode.swift; name = AnalysisTableCell.swift; path = Analysis/AnalysisTableCell.swift; sourceTree = "<group>"; };
		DA70C87C1CA4AF9900A83969 /* ImageTableViewCell.swift */ = {isa = PBXFileReference; fileEncoding = 4; lastKnownFileType = sourcecode.swift; name = ImageTableViewCell.swift; path = Results/ImageTableViewCell.swift; sourceTree = "<group>"; };
		DA70C87D1CA4AF9900A83969 /* ResultTableViewProviders.swift */ = {isa = PBXFileReference; fileEncoding = 4; lastKnownFileType = sourcecode.swift; name = ResultTableViewProviders.swift; path = Results/ResultTableViewProviders.swift; sourceTree = "<group>"; };
		DA70C87E1CA4AF9900A83969 /* ResultViewController.swift */ = {isa = PBXFileReference; fileEncoding = 4; lastKnownFileType = sourcecode.swift; name = ResultViewController.swift; path = Results/ResultViewController.swift; sourceTree = "<group>"; };
		DA70C87F1CA4AF9900A83969 /* TextImageTableViewCell.swift */ = {isa = PBXFileReference; fileEncoding = 4; lastKnownFileType = sourcecode.swift; name = TextImageTableViewCell.swift; path = Results/TextImageTableViewCell.swift; sourceTree = "<group>"; };
		DA7B9BB91CA370160095794F /* myNeuro.app */ = {isa = PBXFileReference; explicitFileType = wrapper.application; includeInIndex = 0; path = myNeuro.app; sourceTree = BUILT_PRODUCTS_DIR; };
		DA7B9BBE1CA370160095794F /* ViewController.swift */ = {isa = PBXFileReference; lastKnownFileType = sourcecode.swift; name = ViewController.swift; path = Startup/ViewController.swift; sourceTree = "<group>"; };
		DA7B9BC31CA370160095794F /* Assets.xcassets */ = {isa = PBXFileReference; lastKnownFileType = folder.assetcatalog; path = Assets.xcassets; sourceTree = "<group>"; };
		DA7B9BC61CA370160095794F /* Base */ = {isa = PBXFileReference; lastKnownFileType = file.storyboard; name = Base; path = Base.lproj/LaunchScreen.storyboard; sourceTree = "<group>"; };
		DA7B9BC81CA370160095794F /* Info.plist */ = {isa = PBXFileReference; lastKnownFileType = text.plist.xml; path = Info.plist; sourceTree = "<group>"; };
		DA7B9BCD1CA370160095794F /* myNeuroTests.xctest */ = {isa = PBXFileReference; explicitFileType = wrapper.cfbundle; includeInIndex = 0; path = myNeuroTests.xctest; sourceTree = BUILT_PRODUCTS_DIR; };
		DA7B9BD11CA370160095794F /* myNeuroTests.swift */ = {isa = PBXFileReference; lastKnownFileType = sourcecode.swift; path = myNeuroTests.swift; sourceTree = "<group>"; };
		DA7B9BD31CA370160095794F /* Info.plist */ = {isa = PBXFileReference; lastKnownFileType = text.plist.xml; path = Info.plist; sourceTree = "<group>"; };
		DA7B9BFE1CA37F430095794F /* SurveyTask.swift */ = {isa = PBXFileReference; fileEncoding = 4; lastKnownFileType = sourcecode.swift; name = SurveyTask.swift; path = TasksAndSteps/SurveyTask/SurveyTask.swift; sourceTree = "<group>"; };
		DA7B9C011CA3803A0095794F /* Images.xcassets */ = {isa = PBXFileReference; lastKnownFileType = folder.assetcatalog; path = Images.xcassets; sourceTree = "<group>"; };
		DA7B9C501CA3BA0F0095794F /* Base */ = {isa = PBXFileReference; lastKnownFileType = file.storyboard; name = Base; path = Base.lproj/Main.storyboard; sourceTree = "<group>"; };
		DA7B9C551CA3BB570095794F /* ActivityViewController.swift */ = {isa = PBXFileReference; fileEncoding = 4; lastKnownFileType = sourcecode.swift; name = ActivityViewController.swift; path = TasksAndSteps/ActivityViewController.swift; sourceTree = "<group>"; };
		DA7B9C561CA3BB570095794F /* AnimatableChart.swift */ = {isa = PBXFileReference; fileEncoding = 4; lastKnownFileType = sourcecode.swift; name = AnimatableChart.swift; path = Dashboard/AnimatableChart.swift; sourceTree = "<group>"; };
		DA7B9C571CA3BB570095794F /* AppDelegate.swift */ = {isa = PBXFileReference; fileEncoding = 4; lastKnownFileType = sourcecode.swift; name = AppDelegate.swift; path = Startup/AppDelegate.swift; sourceTree = "<group>"; };
		DA7B9C581CA3BB570095794F /* ConsentDocument.swift */ = {isa = PBXFileReference; fileEncoding = 4; lastKnownFileType = sourcecode.swift; name = ConsentDocument.swift; path = Onboarding/ConsentDocument.swift; sourceTree = "<group>"; };
		DA7B9C591CA3BB570095794F /* DashboardTableViewController.swift */ = {isa = PBXFileReference; fileEncoding = 4; lastKnownFileType = sourcecode.swift; name = DashboardTableViewController.swift; path = Dashboard/DashboardTableViewController.swift; sourceTree = "<group>"; };
		DA7B9C5A1CA3BB570095794F /* DiscreteGraphDataSource.swift */ = {isa = PBXFileReference; fileEncoding = 4; lastKnownFileType = sourcecode.swift; name = DiscreteGraphDataSource.swift; path = Dashboard/DiscreteGraphDataSource.swift; sourceTree = "<group>"; };
		DA7B9C5B1CA3BB570095794F /* HealthClientType.swift */ = {isa = PBXFileReference; fileEncoding = 4; lastKnownFileType = sourcecode.swift; name = HealthClientType.swift; path = Onboarding/HealthClientType.swift; sourceTree = "<group>"; };
		DA7B9C5C1CA3BB570095794F /* HealthDataStep.swift */ = {isa = PBXFileReference; fileEncoding = 4; lastKnownFileType = sourcecode.swift; name = HealthDataStep.swift; path = Onboarding/HealthDataStep.swift; sourceTree = "<group>"; };
		DA7B9C5D1CA3BB570095794F /* HealthDataStepViewController.swift */ = {isa = PBXFileReference; fileEncoding = 4; lastKnownFileType = sourcecode.swift; name = HealthDataStepViewController.swift; path = Onboarding/HealthDataStepViewController.swift; sourceTree = "<group>"; };
		DA7B9C5E1CA3BB570095794F /* HKHealthStore+Queries.swift */ = {isa = PBXFileReference; fileEncoding = 4; lastKnownFileType = sourcecode.swift; name = "HKHealthStore+Queries.swift"; path = "Onboarding/HKHealthStore+Queries.swift"; sourceTree = "<group>"; };
		DA7B9C5F1CA3BB570095794F /* IntroductionViewController.swift */ = {isa = PBXFileReference; fileEncoding = 4; lastKnownFileType = sourcecode.swift; name = IntroductionViewController.swift; path = Startup/IntroductionViewController.swift; sourceTree = "<group>"; };
		DA7B9C601CA3BB570095794F /* LineGraphDataSource.swift */ = {isa = PBXFileReference; fileEncoding = 4; lastKnownFileType = sourcecode.swift; name = LineGraphDataSource.swift; path = Dashboard/LineGraphDataSource.swift; sourceTree = "<group>"; };
		DA7B9C611CA3BB570095794F /* OnboardingViewController.swift */ = {isa = PBXFileReference; fileEncoding = 4; lastKnownFileType = sourcecode.swift; name = OnboardingViewController.swift; path = Onboarding/OnboardingViewController.swift; sourceTree = "<group>"; };
		DA7B9C631CA3BB570095794F /* PieChartDataSource.swift */ = {isa = PBXFileReference; fileEncoding = 4; lastKnownFileType = sourcecode.swift; name = PieChartDataSource.swift; path = Dashboard/PieChartDataSource.swift; sourceTree = "<group>"; };
		DA7B9C641CA3BB570095794F /* ProfileHeaderView.swift */ = {isa = PBXFileReference; fileEncoding = 4; lastKnownFileType = sourcecode.swift; name = ProfileHeaderView.swift; path = Profile/ProfileHeaderView.swift; sourceTree = "<group>"; };
		DA7B9C651CA3BB570095794F /* ProfileStaticTableViewCell.swift */ = {isa = PBXFileReference; fileEncoding = 4; lastKnownFileType = sourcecode.swift; name = ProfileStaticTableViewCell.swift; path = Profile/ProfileStaticTableViewCell.swift; sourceTree = "<group>"; };
		DA7B9C661CA3BB570095794F /* ProfileViewController.swift */ = {isa = PBXFileReference; fileEncoding = 4; lastKnownFileType = sourcecode.swift; name = ProfileViewController.swift; path = Profile/ProfileViewController.swift; sourceTree = "<group>"; };
		DA7B9C671CA3BB570095794F /* ResearchContainerSegue.swift */ = {isa = PBXFileReference; fileEncoding = 4; lastKnownFileType = sourcecode.swift; name = ResearchContainerSegue.swift; path = Startup/ResearchContainerSegue.swift; sourceTree = "<group>"; };
		DA7B9C681CA3BB570095794F /* ResearchContainerViewController.swift */ = {isa = PBXFileReference; fileEncoding = 4; lastKnownFileType = sourcecode.swift; name = ResearchContainerViewController.swift; path = Startup/ResearchContainerViewController.swift; sourceTree = "<group>"; };
		DA7B9C6A1CA3BB570095794F /* WithdrawViewController.swift */ = {isa = PBXFileReference; fileEncoding = 4; lastKnownFileType = sourcecode.swift; name = WithdrawViewController.swift; path = Onboarding/WithdrawViewController.swift; sourceTree = "<group>"; };
		DA7D01CA1CF75E3700BE6CEB /* Skin.swift */ = {isa = PBXFileReference; fileEncoding = 4; lastKnownFileType = sourcecode.swift; name = Skin.swift; path = UI/Skin.swift; sourceTree = "<group>"; };
		DAA5CE641D2F21CB00CF86C8 /* SwiftyJSON.swift */ = {isa = PBXFileReference; fileEncoding = 4; lastKnownFileType = sourcecode.swift; name = SwiftyJSON.swift; path = Resources/SwiftyJSON/Source/SwiftyJSON.swift; sourceTree = "<group>"; };
		DAA5CE6B1D2F595100CF86C8 /* myNeuro.xcdatamodel */ = {isa = PBXFileReference; lastKnownFileType = wrapper.xcdatamodel; path = myNeuro.xcdatamodel; sourceTree = "<group>"; };
		DAA5CE6F1D2F689400CF86C8 /* neuroWatch.app */ = {isa = PBXFileReference; explicitFileType = wrapper.application; includeInIndex = 0; path = neuroWatch.app; sourceTree = BUILT_PRODUCTS_DIR; };
		DAA5CE721D2F689400CF86C8 /* Base */ = {isa = PBXFileReference; lastKnownFileType = file.storyboard; name = Base; path = Base.lproj/Interface.storyboard; sourceTree = "<group>"; };
		DAA5CE741D2F689400CF86C8 /* Assets.xcassets */ = {isa = PBXFileReference; lastKnownFileType = folder.assetcatalog; path = Assets.xcassets; sourceTree = "<group>"; };
		DAA5CE761D2F689400CF86C8 /* Info.plist */ = {isa = PBXFileReference; lastKnownFileType = text.plist.xml; path = Info.plist; sourceTree = "<group>"; };
		DAA5CE7B1D2F689400CF86C8 /* neuroWatch Extension.appex */ = {isa = PBXFileReference; explicitFileType = "wrapper.app-extension"; includeInIndex = 0; path = "neuroWatch Extension.appex"; sourceTree = BUILT_PRODUCTS_DIR; };
		DAA5CE811D2F689500CF86C8 /* PushNotificationPayload.apns */ = {isa = PBXFileReference; lastKnownFileType = text; path = PushNotificationPayload.apns; sourceTree = "<group>"; };
		DAA5CE821D2F689500CF86C8 /* InterfaceController.swift */ = {isa = PBXFileReference; lastKnownFileType = sourcecode.swift; path = InterfaceController.swift; sourceTree = "<group>"; };
		DAA5CE841D2F689500CF86C8 /* ExtensionDelegate.swift */ = {isa = PBXFileReference; lastKnownFileType = sourcecode.swift; path = ExtensionDelegate.swift; sourceTree = "<group>"; };
		DAA5CE861D2F689500CF86C8 /* NotificationController.swift */ = {isa = PBXFileReference; lastKnownFileType = sourcecode.swift; path = NotificationController.swift; sourceTree = "<group>"; };
		DAA5CE881D2F689500CF86C8 /* Assets.xcassets */ = {isa = PBXFileReference; lastKnownFileType = folder.assetcatalog; path = Assets.xcassets; sourceTree = "<group>"; };
		DAA5CE8A1D2F689500CF86C8 /* Info.plist */ = {isa = PBXFileReference; lastKnownFileType = text.plist.xml; path = Info.plist; sourceTree = "<group>"; };
		DAA5CEBD1D2F6C5300CF86C8 /* AccelerometerInterfaceController.swift */ = {isa = PBXFileReference; fileEncoding = 4; lastKnownFileType = sourcecode.swift; path = AccelerometerInterfaceController.swift; sourceTree = "<group>"; };
		DAA5CEBF1D2F6F3100CF86C8 /* RowController.swift */ = {isa = PBXFileReference; fileEncoding = 4; lastKnownFileType = sourcecode.swift; path = RowController.swift; sourceTree = "<group>"; };
		DAA5CEC11D2F707500CF86C8 /* GyroscopeInterfaceController.swift */ = {isa = PBXFileReference; fileEncoding = 4; lastKnownFileType = sourcecode.swift; path = GyroscopeInterfaceController.swift; sourceTree = "<group>"; };
		DAA5CEC31D2F709400CF86C8 /* DeviceMotionInterfaceController.swift */ = {isa = PBXFileReference; fileEncoding = 4; lastKnownFileType = sourcecode.swift; path = DeviceMotionInterfaceController.swift; sourceTree = "<group>"; };
		DAA5CEC51D2F70B100CF86C8 /* PedometerInterfaceController.swift */ = {isa = PBXFileReference; fileEncoding = 4; lastKnownFileType = sourcecode.swift; path = PedometerInterfaceController.swift; sourceTree = "<group>"; };
		DAA5CEC71D2F70C200CF86C8 /* HeartRateInterfaceController.swift */ = {isa = PBXFileReference; fileEncoding = 4; lastKnownFileType = sourcecode.swift; path = HeartRateInterfaceController.swift; sourceTree = "<group>"; };
		DAA6E0621D5DE2A900ABB4EE /* TremorTaskInterfaceController.swift */ = {isa = PBXFileReference; fileEncoding = 4; lastKnownFileType = sourcecode.swift; path = TremorTaskInterfaceController.swift; sourceTree = "<group>"; };
		DABFD2001CABC25C0057BCF9 /* CustomTabBarController.swift */ = {isa = PBXFileReference; fileEncoding = 4; lastKnownFileType = sourcecode.swift; name = CustomTabBarController.swift; path = TabBarControllers/CustomTabBarController.swift; sourceTree = "<group>"; };
		DABFD2071CABD3640057BCF9 /* AnalysisViewController.swift */ = {isa = PBXFileReference; fileEncoding = 4; lastKnownFileType = sourcecode.swift; name = AnalysisViewController.swift; path = Analysis/AnalysisViewController.swift; sourceTree = "<group>"; };
		DABFD2111CB4F7580057BCF9 /* Math.swift */ = {isa = PBXFileReference; fileEncoding = 4; lastKnownFileType = sourcecode.swift; name = Math.swift; path = Analysis/Math.swift; sourceTree = "<group>"; };
		DAD02C461D5E4D19006DF283 /* WatchConnectStep.swift */ = {isa = PBXFileReference; fileEncoding = 4; lastKnownFileType = sourcecode.swift; name = WatchConnectStep.swift; path = myNeuro/TasksAndSteps/TremorTask/WatchConnectStep.swift; sourceTree = "<group>"; };
		DAD02C4A1D5E4D5A006DF283 /* WatchConnectStepViewController.swift */ = {isa = PBXFileReference; fileEncoding = 4; lastKnownFileType = sourcecode.swift; name = WatchConnectStepViewController.swift; path = myNeuro/TasksAndSteps/TremorTask/WatchConnectStepViewController.swift; sourceTree = "<group>"; };
		DAD02C4E1D62B7BE006DF283 /* FingerTappingInterfaceController.swift */ = {isa = PBXFileReference; fileEncoding = 4; lastKnownFileType = sourcecode.swift; path = FingerTappingInterfaceController.swift; sourceTree = "<group>"; };
		DAD02C521D63002A006DF283 /* BradyWStep.swift */ = {isa = PBXFileReference; fileEncoding = 4; lastKnownFileType = sourcecode.swift; name = BradyWStep.swift; path = TasksAndSteps/BradykinesiaTask/BradyWStep.swift; sourceTree = "<group>"; };
		DAD02C541D630047006DF283 /* BradyWStepViewController.swift */ = {isa = PBXFileReference; fileEncoding = 4; lastKnownFileType = sourcecode.swift; name = BradyWStepViewController.swift; path = TasksAndSteps/BradykinesiaTask/BradyWStepViewController.swift; sourceTree = "<group>"; };
		DAD02C561D6305E8006DF283 /* BradyWTask.swift */ = {isa = PBXFileReference; fileEncoding = 4; lastKnownFileType = sourcecode.swift; name = BradyWTask.swift; path = TasksAndSteps/BradykinesiaTask/BradyWTask.swift; sourceTree = "<group>"; };
		DAD02C581D63AC74006DF283 /* AWSAPIGateway.framework */ = {isa = PBXFileReference; lastKnownFileType = wrapper.framework; name = AWSAPIGateway.framework; path = "myNeuro/Resources/aws-ios-sdk-2.4.7/frameworks/AWSAPIGateway.framework"; sourceTree = "<group>"; };
		DAD02C591D63AC74006DF283 /* AWSAutoScaling.framework */ = {isa = PBXFileReference; lastKnownFileType = wrapper.framework; name = AWSAutoScaling.framework; path = "myNeuro/Resources/aws-ios-sdk-2.4.7/frameworks/AWSAutoScaling.framework"; sourceTree = "<group>"; };
		DAD02C5A1D63AC74006DF283 /* AWSCloudWatch.framework */ = {isa = PBXFileReference; lastKnownFileType = wrapper.framework; name = AWSCloudWatch.framework; path = "myNeuro/Resources/aws-ios-sdk-2.4.7/frameworks/AWSCloudWatch.framework"; sourceTree = "<group>"; };
		DAD02C5B1D63AC74006DF283 /* AWSCognito.framework */ = {isa = PBXFileReference; lastKnownFileType = wrapper.framework; name = AWSCognito.framework; path = "myNeuro/Resources/aws-ios-sdk-2.4.7/frameworks/AWSCognito.framework"; sourceTree = "<group>"; };
		DAD02C5C1D63AC74006DF283 /* AWSCognitoIdentityProvider.framework */ = {isa = PBXFileReference; lastKnownFileType = wrapper.framework; name = AWSCognitoIdentityProvider.framework; path = "myNeuro/Resources/aws-ios-sdk-2.4.7/frameworks/AWSCognitoIdentityProvider.framework"; sourceTree = "<group>"; };
		DAD02C5D1D63AC74006DF283 /* AWSCore.framework */ = {isa = PBXFileReference; lastKnownFileType = wrapper.framework; name = AWSCore.framework; path = "myNeuro/Resources/aws-ios-sdk-2.4.7/frameworks/AWSCore.framework"; sourceTree = "<group>"; };
		DAD02C5E1D63AC74006DF283 /* AWSDynamoDB.framework */ = {isa = PBXFileReference; lastKnownFileType = wrapper.framework; name = AWSDynamoDB.framework; path = "myNeuro/Resources/aws-ios-sdk-2.4.7/frameworks/AWSDynamoDB.framework"; sourceTree = "<group>"; };
		DAD02C5F1D63AC74006DF283 /* AWSEC2.framework */ = {isa = PBXFileReference; lastKnownFileType = wrapper.framework; name = AWSEC2.framework; path = "myNeuro/Resources/aws-ios-sdk-2.4.7/frameworks/AWSEC2.framework"; sourceTree = "<group>"; };
		DAD02C601D63AC74006DF283 /* AWSElasticLoadBalancing.framework */ = {isa = PBXFileReference; lastKnownFileType = wrapper.framework; name = AWSElasticLoadBalancing.framework; path = "myNeuro/Resources/aws-ios-sdk-2.4.7/frameworks/AWSElasticLoadBalancing.framework"; sourceTree = "<group>"; };
		DAD02C611D63AC74006DF283 /* AWSIoT.framework */ = {isa = PBXFileReference; lastKnownFileType = wrapper.framework; name = AWSIoT.framework; path = "myNeuro/Resources/aws-ios-sdk-2.4.7/frameworks/AWSIoT.framework"; sourceTree = "<group>"; };
		DAD02C621D63AC74006DF283 /* AWSKinesis.framework */ = {isa = PBXFileReference; lastKnownFileType = wrapper.framework; name = AWSKinesis.framework; path = "myNeuro/Resources/aws-ios-sdk-2.4.7/frameworks/AWSKinesis.framework"; sourceTree = "<group>"; };
		DAD02C631D63AC74006DF283 /* AWSLambda.framework */ = {isa = PBXFileReference; lastKnownFileType = wrapper.framework; name = AWSLambda.framework; path = "myNeuro/Resources/aws-ios-sdk-2.4.7/frameworks/AWSLambda.framework"; sourceTree = "<group>"; };
		DAD02C641D63AC74006DF283 /* AWSMachineLearning.framework */ = {isa = PBXFileReference; lastKnownFileType = wrapper.framework; name = AWSMachineLearning.framework; path = "myNeuro/Resources/aws-ios-sdk-2.4.7/frameworks/AWSMachineLearning.framework"; sourceTree = "<group>"; };
		DAD02C651D63AC74006DF283 /* AWSMobileAnalytics.framework */ = {isa = PBXFileReference; lastKnownFileType = wrapper.framework; name = AWSMobileAnalytics.framework; path = "myNeuro/Resources/aws-ios-sdk-2.4.7/frameworks/AWSMobileAnalytics.framework"; sourceTree = "<group>"; };
		DAD02C661D63AC74006DF283 /* AWSS3.framework */ = {isa = PBXFileReference; lastKnownFileType = wrapper.framework; name = AWSS3.framework; path = "myNeuro/Resources/aws-ios-sdk-2.4.7/frameworks/AWSS3.framework"; sourceTree = "<group>"; };
		DAD02C671D63AC74006DF283 /* AWSSES.framework */ = {isa = PBXFileReference; lastKnownFileType = wrapper.framework; name = AWSSES.framework; path = "myNeuro/Resources/aws-ios-sdk-2.4.7/frameworks/AWSSES.framework"; sourceTree = "<group>"; };
		DAD02C681D63AC75006DF283 /* AWSSimpleDB.framework */ = {isa = PBXFileReference; lastKnownFileType = wrapper.framework; name = AWSSimpleDB.framework; path = "myNeuro/Resources/aws-ios-sdk-2.4.7/frameworks/AWSSimpleDB.framework"; sourceTree = "<group>"; };
		DAD02C691D63AC75006DF283 /* AWSSNS.framework */ = {isa = PBXFileReference; lastKnownFileType = wrapper.framework; name = AWSSNS.framework; path = "myNeuro/Resources/aws-ios-sdk-2.4.7/frameworks/AWSSNS.framework"; sourceTree = "<group>"; };
		DAD02C6A1D63AC75006DF283 /* AWSSQS.framework */ = {isa = PBXFileReference; lastKnownFileType = wrapper.framework; name = AWSSQS.framework; path = "myNeuro/Resources/aws-ios-sdk-2.4.7/frameworks/AWSSQS.framework"; sourceTree = "<group>"; };
		DAD02C931D63B219006DF283 /* BridgingHeader.h */ = {isa = PBXFileReference; lastKnownFileType = sourcecode.c.h; name = BridgingHeader.h; path = Resources/BridgingHeader.h; sourceTree = "<group>"; };
		DAD527501D404E1500B5C08B /* ResearchKit.xcodeproj */ = {isa = PBXFileReference; lastKnownFileType = "wrapper.pb-project"; name = ResearchKit.xcodeproj; path = ResearchKit/ResearchKit.xcodeproj; sourceTree = "<group>"; };
		DAD527711D41146000B5C08B /* CoreDataStack.swift */ = {isa = PBXFileReference; fileEncoding = 4; lastKnownFileType = sourcecode.swift; name = CoreDataStack.swift; path = CoreDataSeed/CoreDataStack.swift; sourceTree = "<group>"; };
		DAD527731D412B5600B5C08B /* CoreDataObjects.swift */ = {isa = PBXFileReference; fileEncoding = 4; lastKnownFileType = sourcecode.swift; name = CoreDataObjects.swift; path = CoreData/CoreDataObjects.swift; sourceTree = "<group>"; };
		DADBDFC31D243F3000A707D6 /* MotionStepViewController.swift */ = {isa = PBXFileReference; fileEncoding = 4; lastKnownFileType = sourcecode.swift; name = MotionStepViewController.swift; path = TasksAndSteps/MotionStepViewController.swift; sourceTree = "<group>"; };
		DADBDFC61D2445FE00A707D6 /* BradykinesiaTask.swift */ = {isa = PBXFileReference; fileEncoding = 4; lastKnownFileType = sourcecode.swift; name = BradykinesiaTask.swift; path = TasksAndSteps/BradykinesiaTask/BradykinesiaTask.swift; sourceTree = "<group>"; };
		DADBDFC91D26122200A707D6 /* GaitTask.swift */ = {isa = PBXFileReference; fileEncoding = 4; lastKnownFileType = sourcecode.swift; name = GaitTask.swift; path = TasksAndSteps/GaitTask/GaitTask.swift; sourceTree = "<group>"; };
		DADBDFD11D26E81F00A707D6 /* ResultsToCoreData.swift */ = {isa = PBXFileReference; fileEncoding = 4; lastKnownFileType = sourcecode.swift; name = ResultsToCoreData.swift; path = Results/ResultsToCoreData.swift; sourceTree = "<group>"; };
		DAE597FA1D3DA740005F064E /* neuroWatch.entitlements */ = {isa = PBXFileReference; lastKnownFileType = text.xml; path = neuroWatch.entitlements; sourceTree = "<group>"; };
		DAE597FD1D3DA766005F064E /* HealthKit.framework */ = {isa = PBXFileReference; lastKnownFileType = wrapper.framework; name = HealthKit.framework; path = Platforms/WatchOS.platform/Developer/SDKs/WatchOS2.2.sdk/System/Library/Frameworks/HealthKit.framework; sourceTree = DEVELOPER_DIR; };
		DAE597FF1D3DA766005F064E /* neuroWatch Extension.entitlements */ = {isa = PBXFileReference; lastKnownFileType = text.xml; path = "neuroWatch Extension.entitlements"; sourceTree = "<group>"; };
		DAEB9C511CD9FB4A000C164D /* WatchStep.swift */ = {isa = PBXFileReference; fileEncoding = 4; lastKnownFileType = sourcecode.swift; name = WatchStep.swift; path = myNeuro/Developer/Watch/WatchStep.swift; sourceTree = "<group>"; };
		DAEB9C571CD9FB9D000C164D /* WatchTask.swift */ = {isa = PBXFileReference; fileEncoding = 4; lastKnownFileType = sourcecode.swift; name = WatchTask.swift; path = myNeuro/Developer/Watch/WatchTask.swift; sourceTree = "<group>"; };
		DAEB9C5A1CD9FCB0000C164D /* AccelerometerStepViewController.swift */ = {isa = PBXFileReference; fileEncoding = 4; lastKnownFileType = sourcecode.swift; name = AccelerometerStepViewController.swift; path = myNeuro/Developer/Accelerometer/AccelerometerStepViewController.swift; sourceTree = "<group>"; };
		DAEC01531D345BCB00202C91 /* WatchSample.swift */ = {isa = PBXFileReference; fileEncoding = 4; lastKnownFileType = sourcecode.swift; name = WatchSample.swift; path = TasksAndSteps/WatchSample.swift; sourceTree = "<group>"; };
		DAEC01561D34627700202C91 /* TremorTaskW.swift */ = {isa = PBXFileReference; fileEncoding = 4; lastKnownFileType = sourcecode.swift; name = TremorTaskW.swift; path = myNeuro/TasksAndSteps/TremorTask/TremorTaskW.swift; sourceTree = "<group>"; };
		DAEC01581D34651500202C91 /* TremorStepW.swift */ = {isa = PBXFileReference; fileEncoding = 4; lastKnownFileType = sourcecode.swift; name = TremorStepW.swift; path = myNeuro/TasksAndSteps/TremorTask/TremorStepW.swift; sourceTree = "<group>"; };
		DAEC015A1D34652E00202C91 /* TremorStepWViewController.swift */ = {isa = PBXFileReference; fileEncoding = 4; lastKnownFileType = sourcecode.swift; name = TremorStepWViewController.swift; path = myNeuro/TasksAndSteps/TremorTask/TremorStepWViewController.swift; sourceTree = "<group>"; };
		DAEE33E51CEE5BBA008A270C /* TremorTask.swift */ = {isa = PBXFileReference; fileEncoding = 4; lastKnownFileType = sourcecode.swift; name = TremorTask.swift; path = myNeuro/TasksAndSteps/TremorTask/TremorTask.swift; sourceTree = "<group>"; };
		DAF0C3881D11ECD600B8D8D8 /* EligibleViewController.swift */ = {isa = PBXFileReference; fileEncoding = 4; lastKnownFileType = sourcecode.swift; name = EligibleViewController.swift; path = Onboarding/EligibleViewController.swift; sourceTree = "<group>"; };
/* End PBXFileReference section */

/* Begin PBXFrameworksBuildPhase section */
		DA7B9BB61CA370160095794F /* Frameworks */ = {
			isa = PBXFrameworksBuildPhase;
			buildActionMask = 2147483647;
			files = (
				DAD02C711D63AC75006DF283 /* AWSCognito.framework in Frameworks */,
				DAD02C871D63AC76006DF283 /* AWSS3.framework in Frameworks */,
				DAD02C7F1D63AC76006DF283 /* AWSKinesis.framework in Frameworks */,
				DAD02C791D63AC75006DF283 /* AWSEC2.framework in Frameworks */,
				DAD02C851D63AC76006DF283 /* AWSMobileAnalytics.framework in Frameworks */,
				DAD02C751D63AC75006DF283 /* AWSCore.framework in Frameworks */,
				DAD02C6F1D63AC75006DF283 /* AWSCloudWatch.framework in Frameworks */,
				DAD02C8B1D63AC76006DF283 /* AWSSimpleDB.framework in Frameworks */,
				DAD02C811D63AC76006DF283 /* AWSLambda.framework in Frameworks */,
				DAD02C6B1D63AC75006DF283 /* AWSAPIGateway.framework in Frameworks */,
				DAD02C771D63AC75006DF283 /* AWSDynamoDB.framework in Frameworks */,
				DAD02C8D1D63AC76006DF283 /* AWSSNS.framework in Frameworks */,
				DAD02C731D63AC75006DF283 /* AWSCognitoIdentityProvider.framework in Frameworks */,
				DAD02C8F1D63AC76006DF283 /* AWSSQS.framework in Frameworks */,
				DAD02C7B1D63AC75006DF283 /* AWSElasticLoadBalancing.framework in Frameworks */,
				DAD02C6D1D63AC75006DF283 /* AWSAutoScaling.framework in Frameworks */,
				DAD5276C1D40715A00B5C08B /* ResearchKit.framework in Frameworks */,
				DAD02C891D63AC76006DF283 /* AWSSES.framework in Frameworks */,
				DADC136F1D403A850057F5F4 /* HealthKit.framework in Frameworks */,
				DAD02C831D63AC76006DF283 /* AWSMachineLearning.framework in Frameworks */,
				DAD02C7D1D63AC75006DF283 /* AWSIoT.framework in Frameworks */,
			);
			runOnlyForDeploymentPostprocessing = 0;
		};
		DA7B9BCA1CA370160095794F /* Frameworks */ = {
			isa = PBXFrameworksBuildPhase;
			buildActionMask = 2147483647;
			files = (
			);
			runOnlyForDeploymentPostprocessing = 0;
		};
		DAA5CE781D2F689400CF86C8 /* Frameworks */ = {
			isa = PBXFrameworksBuildPhase;
			buildActionMask = 2147483647;
			files = (
				DAE597FE1D3DA766005F064E /* HealthKit.framework in Frameworks */,
			);
			runOnlyForDeploymentPostprocessing = 0;
		};
/* End PBXFrameworksBuildPhase section */

/* Begin PBXGroup section */
		DA19E5841CC7883C00E26A07 /* Watch */ = {
			isa = PBXGroup;
			children = (
				DA19E5821CC7724D00E26A07 /* WatchStepViewController.swift */,
				DAEB9C511CD9FB4A000C164D /* WatchStep.swift */,
				DAEB9C571CD9FB9D000C164D /* WatchTask.swift */,
			);
			name = Watch;
			path = ..;
			sourceTree = "<group>";
		};
		DA5C4C861CD14D8C008CC643 /* QuestionnaireTask */ = {
			isa = PBXGroup;
			children = (
				DA5C4C8B1CD14DA6008CC643 /* QuestionnaireTask.swift */,
			);
			name = QuestionnaireTask;
			sourceTree = "<group>";
		};
		DA6D09661D49789D00A16C2A /* DemographicTask */ = {
			isa = PBXGroup;
			children = (
				DA6D09691D4978C300A16C2A /* DemographicTask.swift */,
			);
			name = DemographicTask;
			sourceTree = "<group>";
		};
		DA6D096B1D4A02A200A16C2A /* PDCharacteristicsTask */ = {
			isa = PBXGroup;
			children = (
				DA6D096C1D4A02C700A16C2A /* PDCharacteristicsTask.swift */,
			);
			name = PDCharacteristicsTask;
			sourceTree = "<group>";
		};
		DA70C87B1CA4AF8D00A83969 /* Results */ = {
			isa = PBXGroup;
			children = (
				DA70C87C1CA4AF9900A83969 /* ImageTableViewCell.swift */,
				DA70C87D1CA4AF9900A83969 /* ResultTableViewProviders.swift */,
				DA70C87E1CA4AF9900A83969 /* ResultViewController.swift */,
				DA70C87F1CA4AF9900A83969 /* TextImageTableViewCell.swift */,
				DADBDFD11D26E81F00A707D6 /* ResultsToCoreData.swift */,
			);
			name = Results;
			sourceTree = "<group>";
		};
		DA7B9BB01CA370160095794F = {
			isa = PBXGroup;
			children = (
				DAD02C911D63AC8E006DF283 /* Frameworks */,
				DA7B9BBB1CA370160095794F /* myNeuro */,
				DA7B9BD01CA370160095794F /* myNeuroTests */,
				DAA5CE701D2F689400CF86C8 /* neuroWatch */,
				DAA5CE7F1D2F689400CF86C8 /* neuroWatch Extension */,
				DA7B9BBA1CA370160095794F /* Products */,
				DAD527501D404E1500B5C08B /* ResearchKit.xcodeproj */,
			);
			sourceTree = "<group>";
		};
		DA7B9BBA1CA370160095794F /* Products */ = {
			isa = PBXGroup;
			children = (
				DA7B9BB91CA370160095794F /* myNeuro.app */,
				DA7B9BCD1CA370160095794F /* myNeuroTests.xctest */,
				DAA5CE6F1D2F689400CF86C8 /* neuroWatch.app */,
				DAA5CE7B1D2F689400CF86C8 /* neuroWatch Extension.appex */,
			);
			name = Products;
			sourceTree = "<group>";
		};
		DA7B9BBB1CA370160095794F /* myNeuro */ = {
			isa = PBXGroup;
			children = (
				DAD527701D41144100B5C08B /* CoreData */,
				DA7D01C91CF75E1A00BE6CEB /* UI */,
				DABFD2061CABD3530057BCF9 /* Analysis */,
				DA7B9BC31CA370160095794F /* Assets.xcassets */,
				DA7B9C831CA3BB880095794F /* Dashboard */,
				DAEE33FF1CEED0FF008A270C /* Developer */,
				DA7B9C011CA3803A0095794F /* Images.xcassets */,
				DA7B9BC81CA370160095794F /* Info.plist */,
				DA6C51491CC75DBA007A37C5 /* myNeuro.entitlements */,
				DA7B9C821CA3BB720095794F /* Onboarding */,
				DA7B9C851CA3BBB00095794F /* Profile */,
				DAEE34011CEED128008A270C /* Resources */,
				DAEE33F41CEEC7D4008A270C /* Startup */,
				DAEE34021CEED140008A270C /* TabBarControllers */,
				DAEE33FE1CEED0AA008A270C /* TasksAndSteps */,
				DA70C87B1CA4AF8D00A83969 /* Results */,
			);
			path = myNeuro;
			sourceTree = "<group>";
		};
		DA7B9BD01CA370160095794F /* myNeuroTests */ = {
			isa = PBXGroup;
			children = (
				DA7B9BD11CA370160095794F /* myNeuroTests.swift */,
				DA7B9BD31CA370160095794F /* Info.plist */,
			);
			path = myNeuroTests;
			sourceTree = "<group>";
		};
		DA7B9C821CA3BB720095794F /* Onboarding */ = {
			isa = PBXGroup;
			children = (
				DA7B9C5C1CA3BB570095794F /* HealthDataStep.swift */,
				DA7B9C5D1CA3BB570095794F /* HealthDataStepViewController.swift */,
				DA7B9C581CA3BB570095794F /* ConsentDocument.swift */,
				DA7B9C6A1CA3BB570095794F /* WithdrawViewController.swift */,
				DA7B9C5B1CA3BB570095794F /* HealthClientType.swift */,
				DA7B9C5E1CA3BB570095794F /* HKHealthStore+Queries.swift */,
				DA7B9C611CA3BB570095794F /* OnboardingViewController.swift */,
				DA49F7D71CF56C3C00FDD1E1 /* EligibilityViewController.swift */,
				DAF0C3881D11ECD600B8D8D8 /* EligibleViewController.swift */,
				DA49F7D91CF5922600FDD1E1 /* ConsentTask.swift */,
			);
			name = Onboarding;
			sourceTree = "<group>";
		};
		DA7B9C831CA3BB880095794F /* Dashboard */ = {
			isa = PBXGroup;
			children = (
				DA7B9C561CA3BB570095794F /* AnimatableChart.swift */,
				DA7B9C591CA3BB570095794F /* DashboardTableViewController.swift */,
				DA7B9C5A1CA3BB570095794F /* DiscreteGraphDataSource.swift */,
				DA7B9C601CA3BB570095794F /* LineGraphDataSource.swift */,
				DA7B9C631CA3BB570095794F /* PieChartDataSource.swift */,
			);
			name = Dashboard;
			sourceTree = "<group>";
		};
		DA7B9C851CA3BBB00095794F /* Profile */ = {
			isa = PBXGroup;
			children = (
				DA7B9C641CA3BB570095794F /* ProfileHeaderView.swift */,
				DA7B9C651CA3BB570095794F /* ProfileStaticTableViewCell.swift */,
				DA7B9C661CA3BB570095794F /* ProfileViewController.swift */,
			);
			name = Profile;
			sourceTree = "<group>";
		};
		DA7D01C91CF75E1A00BE6CEB /* UI */ = {
			isa = PBXGroup;
			children = (
				DA7D01CA1CF75E3700BE6CEB /* Skin.swift */,
			);
			name = UI;
			sourceTree = "<group>";
		};
		DAA5CE701D2F689400CF86C8 /* neuroWatch */ = {
			isa = PBXGroup;
			children = (
				DAE597FA1D3DA740005F064E /* neuroWatch.entitlements */,
				DAA5CE711D2F689400CF86C8 /* Interface.storyboard */,
				DAA5CE741D2F689400CF86C8 /* Assets.xcassets */,
				DAA5CE761D2F689400CF86C8 /* Info.plist */,
			);
			path = neuroWatch;
			sourceTree = "<group>";
		};
		DAA5CE7F1D2F689400CF86C8 /* neuroWatch Extension */ = {
			isa = PBXGroup;
			children = (
				DAE597FF1D3DA766005F064E /* neuroWatch Extension.entitlements */,
				DAA5CE821D2F689500CF86C8 /* InterfaceController.swift */,
				DAA5CEBF1D2F6F3100CF86C8 /* RowController.swift */,
				DAA5CE841D2F689500CF86C8 /* ExtensionDelegate.swift */,
				DAA5CE861D2F689500CF86C8 /* NotificationController.swift */,
				DAA5CE881D2F689500CF86C8 /* Assets.xcassets */,
				DAA5CE8A1D2F689500CF86C8 /* Info.plist */,
				DAA5CE801D2F689500CF86C8 /* Supporting Files */,
				DAD02C4E1D62B7BE006DF283 /* FingerTappingInterfaceController.swift */,
				DAA5CEBD1D2F6C5300CF86C8 /* AccelerometerInterfaceController.swift */,
				DAA5CEC31D2F709400CF86C8 /* DeviceMotionInterfaceController.swift */,
				DAA5CEC11D2F707500CF86C8 /* GyroscopeInterfaceController.swift */,
				DAA5CEC51D2F70B100CF86C8 /* PedometerInterfaceController.swift */,
				DAA5CEC71D2F70C200CF86C8 /* HeartRateInterfaceController.swift */,
				DAA6E0621D5DE2A900ABB4EE /* TremorTaskInterfaceController.swift */,
			);
			path = "neuroWatch Extension";
			sourceTree = "<group>";
		};
		DAA5CE801D2F689500CF86C8 /* Supporting Files */ = {
			isa = PBXGroup;
			children = (
				DAA5CE811D2F689500CF86C8 /* PushNotificationPayload.apns */,
			);
			name = "Supporting Files";
			sourceTree = "<group>";
		};
		DABFD2061CABD3530057BCF9 /* Analysis */ = {
			isa = PBXGroup;
			children = (
				DA6D096E1D4B1B7100A16C2A /* AnalysisTableCell.swift */,
				DABFD2071CABD3640057BCF9 /* AnalysisViewController.swift */,
				DABFD2111CB4F7580057BCF9 /* Math.swift */,
			);
			name = Analysis;
			sourceTree = "<group>";
		};
		DAD02C911D63AC8E006DF283 /* Frameworks */ = {
			isa = PBXGroup;
			children = (
				DAD02C581D63AC74006DF283 /* AWSAPIGateway.framework */,
				DAD02C591D63AC74006DF283 /* AWSAutoScaling.framework */,
				DAD02C5A1D63AC74006DF283 /* AWSCloudWatch.framework */,
				DAD02C5B1D63AC74006DF283 /* AWSCognito.framework */,
				DAD02C5C1D63AC74006DF283 /* AWSCognitoIdentityProvider.framework */,
				DAD02C5D1D63AC74006DF283 /* AWSCore.framework */,
				DAD02C5E1D63AC74006DF283 /* AWSDynamoDB.framework */,
				DAD02C5F1D63AC74006DF283 /* AWSEC2.framework */,
				DAD02C601D63AC74006DF283 /* AWSElasticLoadBalancing.framework */,
				DAD02C611D63AC74006DF283 /* AWSIoT.framework */,
				DAD02C621D63AC74006DF283 /* AWSKinesis.framework */,
				DAD02C631D63AC74006DF283 /* AWSLambda.framework */,
				DAD02C641D63AC74006DF283 /* AWSMachineLearning.framework */,
				DAD02C651D63AC74006DF283 /* AWSMobileAnalytics.framework */,
				DAD02C661D63AC74006DF283 /* AWSS3.framework */,
				DAD02C671D63AC74006DF283 /* AWSSES.framework */,
				DAD02C681D63AC75006DF283 /* AWSSimpleDB.framework */,
				DAD02C691D63AC75006DF283 /* AWSSNS.framework */,
				DAD02C6A1D63AC75006DF283 /* AWSSQS.framework */,
				DAE597FD1D3DA766005F064E /* HealthKit.framework */,
			);
			name = Frameworks;
			sourceTree = "<group>";
		};
		DAD527631D404E4700B5C08B /* Products */ = {
			isa = PBXGroup;
			children = (
				DAD527691D404E4700B5C08B /* ResearchKit.framework */,
				DAD5276B1D404E4700B5C08B /* ResearchKitTests.xctest */,
			);
			name = Products;
			sourceTree = "<group>";
		};
		DAD527701D41144100B5C08B /* CoreData */ = {
			isa = PBXGroup;
			children = (
				DAA5CE6A1D2F595100CF86C8 /* myNeuro.xcdatamodeld */,
				DAD527711D41146000B5C08B /* CoreDataStack.swift */,
				DAD527731D412B5600B5C08B /* CoreDataObjects.swift */,
			);
			name = CoreData;
			sourceTree = "<group>";
		};
		DADBDFC51D2445C400A707D6 /* BradykinesiaTask */ = {
			isa = PBXGroup;
			children = (
				DADBDFC61D2445FE00A707D6 /* BradykinesiaTask.swift */,
				DAD02C521D63002A006DF283 /* BradyWStep.swift */,
				DAD02C541D630047006DF283 /* BradyWStepViewController.swift */,
				DAD02C561D6305E8006DF283 /* BradyWTask.swift */,
			);
			name = BradykinesiaTask;
			sourceTree = "<group>";
		};
		DADBDFC81D2611F800A707D6 /* GaitTask */ = {
			isa = PBXGroup;
			children = (
				DADBDFC91D26122200A707D6 /* GaitTask.swift */,
			);
			name = GaitTask;
			sourceTree = "<group>";
		};
		DAEB9C591CD9FC94000C164D /* Accelerometer */ = {
			isa = PBXGroup;
			children = (
				DAEB9C5A1CD9FCB0000C164D /* AccelerometerStepViewController.swift */,
				DA0870DF1CE3448400A28302 /* AccelerometerTask.swift */,
				DA0870E11CE345B400A28302 /* AccelerometerStep.swift */,
			);
			name = Accelerometer;
			path = ..;
			sourceTree = "<group>";
		};
		DAEE33E01CEE5B2A008A270C /* TremorTask */ = {
			isa = PBXGroup;
			children = (
				DAEE33E51CEE5BBA008A270C /* TremorTask.swift */,
				DAEC01561D34627700202C91 /* TremorTaskW.swift */,
				DAEC01581D34651500202C91 /* TremorStepW.swift */,
				DAEC015A1D34652E00202C91 /* TremorStepWViewController.swift */,
				DAD02C461D5E4D19006DF283 /* WatchConnectStep.swift */,
				DAD02C4A1D5E4D5A006DF283 /* WatchConnectStepViewController.swift */,
			);
			name = TremorTask;
			path = ..;
			sourceTree = "<group>";
		};
		DAEE33F41CEEC7D4008A270C /* Startup */ = {
			isa = PBXGroup;
			children = (
				DA7B9C671CA3BB570095794F /* ResearchContainerSegue.swift */,
				DA7B9C681CA3BB570095794F /* ResearchContainerViewController.swift */,
				DA7B9C5F1CA3BB570095794F /* IntroductionViewController.swift */,
				DA7B9BBE1CA370160095794F /* ViewController.swift */,
				DA7B9BC51CA370160095794F /* LaunchScreen.storyboard */,
				DA7B9C571CA3BB570095794F /* AppDelegate.swift */,
				DA7B9C4F1CA3BA0F0095794F /* Main.storyboard */,
			);
			name = Startup;
			sourceTree = "<group>";
		};
		DAEE33FE1CEED0AA008A270C /* TasksAndSteps */ = {
			isa = PBXGroup;
			children = (
				DA6D096B1D4A02A200A16C2A /* PDCharacteristicsTask */,
				DA6D09661D49789D00A16C2A /* DemographicTask */,
				DA7B9C551CA3BB570095794F /* ActivityViewController.swift */,
				DADBDFC31D243F3000A707D6 /* MotionStepViewController.swift */,
				DA5C4C861CD14D8C008CC643 /* QuestionnaireTask */,
				DADBDFC51D2445C400A707D6 /* BradykinesiaTask */,
				DAEE33E01CEE5B2A008A270C /* TremorTask */,
				DADBDFC81D2611F800A707D6 /* GaitTask */,
				DAEC01531D345BCB00202C91 /* WatchSample.swift */,
			);
			name = TasksAndSteps;
			sourceTree = "<group>";
		};
		DAEE33FF1CEED0FF008A270C /* Developer */ = {
			isa = PBXGroup;
			children = (
				DAEB9C591CD9FC94000C164D /* Accelerometer */,
				DA19E5841CC7883C00E26A07 /* Watch */,
				DA7B9BFE1CA37F430095794F /* SurveyTask.swift */,
			);
			name = Developer;
			sourceTree = "<group>";
		};
		DAEE34011CEED128008A270C /* Resources */ = {
			isa = PBXGroup;
			children = (
				DAA5CE641D2F21CB00CF86C8 /* SwiftyJSON.swift */,
				DAD02C931D63B219006DF283 /* BridgingHeader.h */,
			);
			name = Resources;
			sourceTree = "<group>";
		};
		DAEE34021CEED140008A270C /* TabBarControllers */ = {
			isa = PBXGroup;
			children = (
				DABFD2001CABC25C0057BCF9 /* CustomTabBarController.swift */,
			);
			name = TabBarControllers;
			sourceTree = "<group>";
		};
/* End PBXGroup section */

/* Begin PBXNativeTarget section */
		DA7B9BB81CA370160095794F /* myNeuro */ = {
			isa = PBXNativeTarget;
			buildConfigurationList = DA7B9BD61CA370160095794F /* Build configuration list for PBXNativeTarget "myNeuro" */;
			buildPhases = (
				DA7B9BB51CA370160095794F /* Sources */,
				DA7B9BB61CA370160095794F /* Frameworks */,
				DA7B9BB71CA370160095794F /* Resources */,
				DAA5CE951D2F689500CF86C8 /* Embed Watch Content */,
				DA5B195B1D403F9D000406AC /* Embed Frameworks */,
				DAD02C921D63ACC9006DF283 /* ShellScript */,
			);
			buildRules = (
			);
			dependencies = (
				DAA5CE8C1D2F689500CF86C8 /* PBXTargetDependency */,
				DAD5276F1D40715A00B5C08B /* PBXTargetDependency */,
			);
			name = myNeuro;
			productName = myNeuro;
			productReference = DA7B9BB91CA370160095794F /* myNeuro.app */;
			productType = "com.apple.product-type.application";
		};
		DA7B9BCC1CA370160095794F /* myNeuroTests */ = {
			isa = PBXNativeTarget;
			buildConfigurationList = DA7B9BD91CA370160095794F /* Build configuration list for PBXNativeTarget "myNeuroTests" */;
			buildPhases = (
				DA7B9BC91CA370160095794F /* Sources */,
				DA7B9BCA1CA370160095794F /* Frameworks */,
				DA7B9BCB1CA370160095794F /* Resources */,
			);
			buildRules = (
			);
			dependencies = (
				DA7B9BCF1CA370160095794F /* PBXTargetDependency */,
			);
			name = myNeuroTests;
			productName = myNeuroTests;
			productReference = DA7B9BCD1CA370160095794F /* myNeuroTests.xctest */;
			productType = "com.apple.product-type.bundle.unit-test";
		};
		DAA5CE6E1D2F689400CF86C8 /* neuroWatch */ = {
			isa = PBXNativeTarget;
			buildConfigurationList = DAA5CE921D2F689500CF86C8 /* Build configuration list for PBXNativeTarget "neuroWatch" */;
			buildPhases = (
				DAA5CE6D1D2F689400CF86C8 /* Resources */,
				DAA5CE911D2F689500CF86C8 /* Embed App Extensions */,
			);
			buildRules = (
			);
			dependencies = (
				DAA5CE7E1D2F689400CF86C8 /* PBXTargetDependency */,
			);
			name = neuroWatch;
			productName = neuroWatch;
			productReference = DAA5CE6F1D2F689400CF86C8 /* neuroWatch.app */;
			productType = "com.apple.product-type.application.watchapp2";
		};
		DAA5CE7A1D2F689400CF86C8 /* neuroWatch Extension */ = {
			isa = PBXNativeTarget;
			buildConfigurationList = DAA5CE8E1D2F689500CF86C8 /* Build configuration list for PBXNativeTarget "neuroWatch Extension" */;
			buildPhases = (
				DAA5CE771D2F689400CF86C8 /* Sources */,
				DAA5CE781D2F689400CF86C8 /* Frameworks */,
				DAA5CE791D2F689400CF86C8 /* Resources */,
				DA5B193D1D403B6F000406AC /* Embed Frameworks */,
			);
			buildRules = (
			);
			dependencies = (
			);
			name = "neuroWatch Extension";
			productName = "neuroWatch Extension";
			productReference = DAA5CE7B1D2F689400CF86C8 /* neuroWatch Extension.appex */;
			productType = "com.apple.product-type.watchkit2-extension";
		};
/* End PBXNativeTarget section */

/* Begin PBXProject section */
		DA7B9BB11CA370160095794F /* Project object */ = {
			isa = PBXProject;
			attributes = {
				LastSwiftUpdateCheck = 0730;
				LastUpgradeCheck = 0720;
				ORGANIZATIONNAME = SJM;
				TargetAttributes = {
					DA7B9BB81CA370160095794F = {
						CreatedOnToolsVersion = 7.2.1;
						DevelopmentTeam = P6G6N6X557;
						SystemCapabilities = {
							com.apple.HealthKit = {
								enabled = 1;
							};
						};
					};
					DA7B9BCC1CA370160095794F = {
						CreatedOnToolsVersion = 7.2.1;
						TestTargetID = DA7B9BB81CA370160095794F;
					};
					DAA5CE6E1D2F689400CF86C8 = {
						CreatedOnToolsVersion = 7.3.1;
						DevelopmentTeam = P6G6N6X557;
						SystemCapabilities = {
							com.apple.ApplicationGroups.iOS = {
								enabled = 1;
							};
						};
					};
					DAA5CE7A1D2F689400CF86C8 = {
						CreatedOnToolsVersion = 7.3.1;
						DevelopmentTeam = P6G6N6X557;
						SystemCapabilities = {
							com.apple.ApplicationGroups.iOS = {
								enabled = 1;
							};
							com.apple.HealthKit = {
								enabled = 1;
							};
						};
					};
				};
			};
			buildConfigurationList = DA7B9BB41CA370160095794F /* Build configuration list for PBXProject "myNeuro" */;
			compatibilityVersion = "Xcode 3.2";
			developmentRegion = English;
			hasScannedForEncodings = 0;
			knownRegions = (
				en,
				Base,
			);
			mainGroup = DA7B9BB01CA370160095794F;
			productRefGroup = DA7B9BBA1CA370160095794F /* Products */;
			projectDirPath = "";
			projectReferences = (
				{
					ProductGroup = DAD527631D404E4700B5C08B /* Products */;
					ProjectRef = DAD527501D404E1500B5C08B /* ResearchKit.xcodeproj */;
				},
			);
			projectRoot = "";
			targets = (
				DA7B9BB81CA370160095794F /* myNeuro */,
				DA7B9BCC1CA370160095794F /* myNeuroTests */,
				DAA5CE6E1D2F689400CF86C8 /* neuroWatch */,
				DAA5CE7A1D2F689400CF86C8 /* neuroWatch Extension */,
			);
		};
/* End PBXProject section */

/* Begin PBXReferenceProxy section */
		DAD527691D404E4700B5C08B /* ResearchKit.framework */ = {
			isa = PBXReferenceProxy;
			fileType = wrapper.framework;
			path = ResearchKit.framework;
			remoteRef = DAD527681D404E4700B5C08B /* PBXContainerItemProxy */;
			sourceTree = BUILT_PRODUCTS_DIR;
		};
		DAD5276B1D404E4700B5C08B /* ResearchKitTests.xctest */ = {
			isa = PBXReferenceProxy;
			fileType = wrapper.cfbundle;
			path = ResearchKitTests.xctest;
			remoteRef = DAD5276A1D404E4700B5C08B /* PBXContainerItemProxy */;
			sourceTree = BUILT_PRODUCTS_DIR;
		};
/* End PBXReferenceProxy section */

/* Begin PBXResourcesBuildPhase section */
		DA7B9BB71CA370160095794F /* Resources */ = {
			isa = PBXResourcesBuildPhase;
			buildActionMask = 2147483647;
			files = (
				DA7B9BC71CA370160095794F /* LaunchScreen.storyboard in Resources */,
				DA7B9C511CA3BA0F0095794F /* Main.storyboard in Resources */,
				DA7B9C021CA3803A0095794F /* Images.xcassets in Resources */,
				DA7B9BC41CA370160095794F /* Assets.xcassets in Resources */,
			);
			runOnlyForDeploymentPostprocessing = 0;
		};
		DA7B9BCB1CA370160095794F /* Resources */ = {
			isa = PBXResourcesBuildPhase;
			buildActionMask = 2147483647;
			files = (
			);
			runOnlyForDeploymentPostprocessing = 0;
		};
		DAA5CE6D1D2F689400CF86C8 /* Resources */ = {
			isa = PBXResourcesBuildPhase;
			buildActionMask = 2147483647;
			files = (
				DAA5CE751D2F689400CF86C8 /* Assets.xcassets in Resources */,
				DAA5CE731D2F689400CF86C8 /* Interface.storyboard in Resources */,
			);
			runOnlyForDeploymentPostprocessing = 0;
		};
		DAA5CE791D2F689400CF86C8 /* Resources */ = {
			isa = PBXResourcesBuildPhase;
			buildActionMask = 2147483647;
			files = (
				DAA5CE891D2F689500CF86C8 /* Assets.xcassets in Resources */,
			);
			runOnlyForDeploymentPostprocessing = 0;
		};
/* End PBXResourcesBuildPhase section */

/* Begin PBXShellScriptBuildPhase section */
		DAD02C921D63ACC9006DF283 /* ShellScript */ = {
			isa = PBXShellScriptBuildPhase;
			buildActionMask = 2147483647;
			files = (
			);
			inputPaths = (
			);
			outputPaths = (
			);
			runOnlyForDeploymentPostprocessing = 0;
			shellPath = /bin/sh;
			shellScript = "bash \"${BUILT_PRODUCTS_DIR}/${FRAMEWORKS_FOLDER_PATH}/AWSCore.framework/strip-frameworks.sh\"\n";
		};
/* End PBXShellScriptBuildPhase section */

/* Begin PBXSourcesBuildPhase section */
		DA7B9BB51CA370160095794F /* Sources */ = {
			isa = PBXSourcesBuildPhase;
			buildActionMask = 2147483647;
			files = (
				DAD02C571D6305E8006DF283 /* BradyWTask.swift in Sources */,
				DA7B9C7D1CA3BB570095794F /* ResearchContainerSegue.swift in Sources */,
				DAEB9C581CD9FB9D000C164D /* WatchTask.swift in Sources */,
				DABFD2121CB4F7580057BCF9 /* Math.swift in Sources */,
				DADBDFC71D2445FE00A707D6 /* BradykinesiaTask.swift in Sources */,
				DADBDFD21D26E81F00A707D6 /* ResultsToCoreData.swift in Sources */,
				DA70C8831CA4AF9900A83969 /* TextImageTableViewCell.swift in Sources */,
				DAEB9C521CD9FB4A000C164D /* WatchStep.swift in Sources */,
				DABFD2011CABC25C0057BCF9 /* CustomTabBarController.swift in Sources */,
				DAEC01591D34651500202C91 /* TremorStepW.swift in Sources */,
				DA70C8821CA4AF9900A83969 /* ResultViewController.swift in Sources */,
				DAEC01571D34627700202C91 /* TremorTaskW.swift in Sources */,
				DA6D096F1D4B1B7100A16C2A /* AnalysisTableCell.swift in Sources */,
				DA7B9C6C1CA3BB570095794F /* AnimatableChart.swift in Sources */,
				DA7B9BBF1CA370160095794F /* ViewController.swift in Sources */,
				DAA5CE6C1D2F595100CF86C8 /* myNeuro.xcdatamodeld in Sources */,
				DAD02C4B1D5E4D5A006DF283 /* WatchConnectStepViewController.swift in Sources */,
				DAA5CE651D2F21CB00CF86C8 /* SwiftyJSON.swift in Sources */,
				DA70C8811CA4AF9900A83969 /* ResultTableViewProviders.swift in Sources */,
				DA7D01CB1CF75E3700BE6CEB /* Skin.swift in Sources */,
				DA49F7DA1CF5922600FDD1E1 /* ConsentTask.swift in Sources */,
				DA7B9C6E1CA3BB570095794F /* ConsentDocument.swift in Sources */,
				DADBDFC41D243F3000A707D6 /* MotionStepViewController.swift in Sources */,
				DA19E5831CC7724D00E26A07 /* WatchStepViewController.swift in Sources */,
				DA7B9C7A1CA3BB570095794F /* ProfileHeaderView.swift in Sources */,
				DA6D096D1D4A02C700A16C2A /* PDCharacteristicsTask.swift in Sources */,
				DA7B9C771CA3BB570095794F /* OnboardingViewController.swift in Sources */,
				DA7B9C7B1CA3BB570095794F /* ProfileStaticTableViewCell.swift in Sources */,
				DA7B9C741CA3BB570095794F /* HKHealthStore+Queries.swift in Sources */,
				DA7B9C751CA3BB570095794F /* IntroductionViewController.swift in Sources */,
				DAD527741D412B5600B5C08B /* CoreDataObjects.swift in Sources */,
				DAEC01541D345BCB00202C91 /* WatchSample.swift in Sources */,
				DA7B9C761CA3BB570095794F /* LineGraphDataSource.swift in Sources */,
				DA7B9C6D1CA3BB570095794F /* AppDelegate.swift in Sources */,
				DA7B9BFF1CA37F430095794F /* SurveyTask.swift in Sources */,
				DAD02C531D63002A006DF283 /* BradyWStep.swift in Sources */,
				DA0870E01CE3448400A28302 /* AccelerometerTask.swift in Sources */,
				DA7B9C6F1CA3BB570095794F /* DashboardTableViewController.swift in Sources */,
				DA7B9C801CA3BB570095794F /* WithdrawViewController.swift in Sources */,
				DA7B9C711CA3BB570095794F /* HealthClientType.swift in Sources */,
				DAEE33E61CEE5BBA008A270C /* TremorTask.swift in Sources */,
				DA6D096A1D4978C300A16C2A /* DemographicTask.swift in Sources */,
				DA7B9C7C1CA3BB570095794F /* ProfileViewController.swift in Sources */,
				DA7B9C721CA3BB570095794F /* HealthDataStep.swift in Sources */,
				DA7B9C791CA3BB570095794F /* PieChartDataSource.swift in Sources */,
				DA5C4C8C1CD14DA6008CC643 /* QuestionnaireTask.swift in Sources */,
				DA70C8801CA4AF9900A83969 /* ImageTableViewCell.swift in Sources */,
				DA0870E21CE345B400A28302 /* AccelerometerStep.swift in Sources */,
				DAEB9C5B1CD9FCB0000C164D /* AccelerometerStepViewController.swift in Sources */,
				DA49F7D81CF56C3C00FDD1E1 /* EligibilityViewController.swift in Sources */,
				DAD02C471D5E4D19006DF283 /* WatchConnectStep.swift in Sources */,
				DAEC015B1D34652E00202C91 /* TremorStepWViewController.swift in Sources */,
				DAD527721D41146000B5C08B /* CoreDataStack.swift in Sources */,
				DA7B9C701CA3BB570095794F /* DiscreteGraphDataSource.swift in Sources */,
				DAF0C3891D11ECD600B8D8D8 /* EligibleViewController.swift in Sources */,
				DA7B9C731CA3BB570095794F /* HealthDataStepViewController.swift in Sources */,
				DABFD2081CABD3640057BCF9 /* AnalysisViewController.swift in Sources */,
				DADBDFCA1D26122200A707D6 /* GaitTask.swift in Sources */,
				DAD02C551D630047006DF283 /* BradyWStepViewController.swift in Sources */,
				DA7B9C6B1CA3BB570095794F /* ActivityViewController.swift in Sources */,
				DA7B9C7E1CA3BB570095794F /* ResearchContainerViewController.swift in Sources */,
			);
			runOnlyForDeploymentPostprocessing = 0;
		};
		DA7B9BC91CA370160095794F /* Sources */ = {
			isa = PBXSourcesBuildPhase;
			buildActionMask = 2147483647;
			files = (
				DA7B9BD21CA370160095794F /* myNeuroTests.swift in Sources */,
			);
			runOnlyForDeploymentPostprocessing = 0;
		};
		DAA5CE771D2F689400CF86C8 /* Sources */ = {
			isa = PBXSourcesBuildPhase;
			buildActionMask = 2147483647;
			files = (
				DAA5CEC01D2F6F3100CF86C8 /* RowController.swift in Sources */,
				DAA5CEC21D2F707500CF86C8 /* GyroscopeInterfaceController.swift in Sources */,
				DAD02C4F1D62B7BE006DF283 /* FingerTappingInterfaceController.swift in Sources */,
				DAA6E0631D5DE2A900ABB4EE /* TremorTaskInterfaceController.swift in Sources */,
				DAA5CEC41D2F709400CF86C8 /* DeviceMotionInterfaceController.swift in Sources */,
				DAA5CEC61D2F70B100CF86C8 /* PedometerInterfaceController.swift in Sources */,
				DAA5CE871D2F689500CF86C8 /* NotificationController.swift in Sources */,
				DAA5CEBE1D2F6C5300CF86C8 /* AccelerometerInterfaceController.swift in Sources */,
				DAA5CE851D2F689500CF86C8 /* ExtensionDelegate.swift in Sources */,
				DAEC01551D345C1400202C91 /* WatchSample.swift in Sources */,
				DAA5CE831D2F689500CF86C8 /* InterfaceController.swift in Sources */,
				DAD02C4C1D5E836F006DF283 /* SwiftyJSON.swift in Sources */,
				DAA5CEC81D2F70C200CF86C8 /* HeartRateInterfaceController.swift in Sources */,
			);
			runOnlyForDeploymentPostprocessing = 0;
		};
/* End PBXSourcesBuildPhase section */

/* Begin PBXTargetDependency section */
		DA7B9BCF1CA370160095794F /* PBXTargetDependency */ = {
			isa = PBXTargetDependency;
			target = DA7B9BB81CA370160095794F /* myNeuro */;
			targetProxy = DA7B9BCE1CA370160095794F /* PBXContainerItemProxy */;
		};
		DAA5CE7E1D2F689400CF86C8 /* PBXTargetDependency */ = {
			isa = PBXTargetDependency;
			target = DAA5CE7A1D2F689400CF86C8 /* neuroWatch Extension */;
			targetProxy = DAA5CE7D1D2F689400CF86C8 /* PBXContainerItemProxy */;
		};
		DAA5CE8C1D2F689500CF86C8 /* PBXTargetDependency */ = {
			isa = PBXTargetDependency;
			target = DAA5CE6E1D2F689400CF86C8 /* neuroWatch */;
			targetProxy = DAA5CE8B1D2F689500CF86C8 /* PBXContainerItemProxy */;
		};
		DAD5276F1D40715A00B5C08B /* PBXTargetDependency */ = {
			isa = PBXTargetDependency;
			name = ResearchKit;
			targetProxy = DAD5276E1D40715A00B5C08B /* PBXContainerItemProxy */;
		};
/* End PBXTargetDependency section */

/* Begin PBXVariantGroup section */
		DA7B9BC51CA370160095794F /* LaunchScreen.storyboard */ = {
			isa = PBXVariantGroup;
			children = (
				DA7B9BC61CA370160095794F /* Base */,
			);
			name = LaunchScreen.storyboard;
			sourceTree = "<group>";
		};
		DA7B9C4F1CA3BA0F0095794F /* Main.storyboard */ = {
			isa = PBXVariantGroup;
			children = (
				DA7B9C501CA3BA0F0095794F /* Base */,
			);
			name = Main.storyboard;
			sourceTree = "<group>";
		};
		DAA5CE711D2F689400CF86C8 /* Interface.storyboard */ = {
			isa = PBXVariantGroup;
			children = (
				DAA5CE721D2F689400CF86C8 /* Base */,
			);
			name = Interface.storyboard;
			sourceTree = "<group>";
		};
/* End PBXVariantGroup section */

/* Begin XCBuildConfiguration section */
		DA7B9BD41CA370160095794F /* Debug */ = {
			isa = XCBuildConfiguration;
			buildSettings = {
				ALWAYS_SEARCH_USER_PATHS = NO;
				CLANG_CXX_LANGUAGE_STANDARD = "gnu++0x";
				CLANG_CXX_LIBRARY = "libc++";
				CLANG_ENABLE_MODULES = YES;
				CLANG_ENABLE_OBJC_ARC = YES;
				CLANG_WARN_BOOL_CONVERSION = YES;
				CLANG_WARN_CONSTANT_CONVERSION = YES;
				CLANG_WARN_DIRECT_OBJC_ISA_USAGE = YES_ERROR;
				CLANG_WARN_EMPTY_BODY = YES;
				CLANG_WARN_ENUM_CONVERSION = YES;
				CLANG_WARN_INT_CONVERSION = YES;
				CLANG_WARN_OBJC_ROOT_CLASS = YES_ERROR;
				CLANG_WARN_UNREACHABLE_CODE = YES;
				CLANG_WARN__DUPLICATE_METHOD_MATCH = YES;
				"CODE_SIGN_IDENTITY[sdk=iphoneos*]" = "iPhone Developer";
				COPY_PHASE_STRIP = NO;
				DEBUG_INFORMATION_FORMAT = dwarf;
				ENABLE_STRICT_OBJC_MSGSEND = YES;
				ENABLE_TESTABILITY = YES;
				GCC_C_LANGUAGE_STANDARD = gnu99;
				GCC_DYNAMIC_NO_PIC = NO;
				GCC_NO_COMMON_BLOCKS = YES;
				GCC_OPTIMIZATION_LEVEL = 0;
				GCC_PREPROCESSOR_DEFINITIONS = (
					"DEBUG=1",
					"$(inherited)",
				);
				GCC_WARN_64_TO_32_BIT_CONVERSION = YES;
				GCC_WARN_ABOUT_RETURN_TYPE = YES_ERROR;
				GCC_WARN_UNDECLARED_SELECTOR = YES;
				GCC_WARN_UNINITIALIZED_AUTOS = YES_AGGRESSIVE;
				GCC_WARN_UNUSED_FUNCTION = YES;
				GCC_WARN_UNUSED_VARIABLE = YES;
				IPHONEOS_DEPLOYMENT_TARGET = 9.3;
				MTL_ENABLE_DEBUG_INFO = YES;
				ONLY_ACTIVE_ARCH = YES;
				SDKROOT = iphoneos;
				SWIFT_OPTIMIZATION_LEVEL = "-Onone";
			};
			name = Debug;
		};
		DA7B9BD51CA370160095794F /* Release */ = {
			isa = XCBuildConfiguration;
			buildSettings = {
				ALWAYS_SEARCH_USER_PATHS = NO;
				CLANG_CXX_LANGUAGE_STANDARD = "gnu++0x";
				CLANG_CXX_LIBRARY = "libc++";
				CLANG_ENABLE_MODULES = YES;
				CLANG_ENABLE_OBJC_ARC = YES;
				CLANG_WARN_BOOL_CONVERSION = YES;
				CLANG_WARN_CONSTANT_CONVERSION = YES;
				CLANG_WARN_DIRECT_OBJC_ISA_USAGE = YES_ERROR;
				CLANG_WARN_EMPTY_BODY = YES;
				CLANG_WARN_ENUM_CONVERSION = YES;
				CLANG_WARN_INT_CONVERSION = YES;
				CLANG_WARN_OBJC_ROOT_CLASS = YES_ERROR;
				CLANG_WARN_UNREACHABLE_CODE = YES;
				CLANG_WARN__DUPLICATE_METHOD_MATCH = YES;
				"CODE_SIGN_IDENTITY[sdk=iphoneos*]" = "iPhone Developer";
				COPY_PHASE_STRIP = NO;
				DEBUG_INFORMATION_FORMAT = "dwarf-with-dsym";
				ENABLE_NS_ASSERTIONS = NO;
				ENABLE_STRICT_OBJC_MSGSEND = YES;
				GCC_C_LANGUAGE_STANDARD = gnu99;
				GCC_NO_COMMON_BLOCKS = YES;
				GCC_WARN_64_TO_32_BIT_CONVERSION = YES;
				GCC_WARN_ABOUT_RETURN_TYPE = YES_ERROR;
				GCC_WARN_UNDECLARED_SELECTOR = YES;
				GCC_WARN_UNINITIALIZED_AUTOS = YES_AGGRESSIVE;
				GCC_WARN_UNUSED_FUNCTION = YES;
				GCC_WARN_UNUSED_VARIABLE = YES;
				IPHONEOS_DEPLOYMENT_TARGET = 9.3;
				MTL_ENABLE_DEBUG_INFO = NO;
				SDKROOT = iphoneos;
				VALIDATE_PRODUCT = YES;
			};
			name = Release;
		};
		DA7B9BD71CA370160095794F /* Debug */ = {
			isa = XCBuildConfiguration;
			buildSettings = {
				ASSETCATALOG_COMPILER_APPICON_NAME = AppIcon;
				CODE_SIGN_ENTITLEMENTS = myNeuro/myNeuro.entitlements;
				CODE_SIGN_IDENTITY = "iPhone Developer";
				"CODE_SIGN_IDENTITY[sdk=iphoneos*]" = "iPhone Developer";
				EMBEDDED_CONTENT_CONTAINS_SWIFT = YES;
				FRAMEWORK_SEARCH_PATHS = (
					"$(inherited)",
					"$(PROJECT_DIR)/myNeuro/Resources/aws-ios-sdk-2.4.7/frameworks",
				);
				INFOPLIST_FILE = myNeuro/Info.plist;
				IPHONEOS_DEPLOYMENT_TARGET = 9.3;
				LD_RUNPATH_SEARCH_PATHS = "$(inherited) @executable_path/Frameworks";
				PRODUCT_BUNDLE_IDENTIFIER = com.SJM.myNeuro;
				PRODUCT_NAME = "$(TARGET_NAME)";
				PROVISIONING_PROFILE = "";
				SWIFT_OBJC_BRIDGING_HEADER = "";
			};
			name = Debug;
		};
		DA7B9BD81CA370160095794F /* Release */ = {
			isa = XCBuildConfiguration;
			buildSettings = {
				ASSETCATALOG_COMPILER_APPICON_NAME = AppIcon;
				CODE_SIGN_ENTITLEMENTS = myNeuro/myNeuro.entitlements;
				CODE_SIGN_IDENTITY = "iPhone Developer";
				"CODE_SIGN_IDENTITY[sdk=iphoneos*]" = "iPhone Developer";
				EMBEDDED_CONTENT_CONTAINS_SWIFT = YES;
				FRAMEWORK_SEARCH_PATHS = (
					"$(inherited)",
					"$(PROJECT_DIR)/myNeuro/Resources/aws-ios-sdk-2.4.7/frameworks",
				);
				INFOPLIST_FILE = myNeuro/Info.plist;
				IPHONEOS_DEPLOYMENT_TARGET = 9.3;
				LD_RUNPATH_SEARCH_PATHS = "$(inherited) @executable_path/Frameworks";
				PRODUCT_BUNDLE_IDENTIFIER = com.SJM.myNeuro;
				PRODUCT_NAME = "$(TARGET_NAME)";
				PROVISIONING_PROFILE = "";
				SWIFT_OBJC_BRIDGING_HEADER = "";
			};
			name = Release;
		};
		DA7B9BDA1CA370160095794F /* Debug */ = {
			isa = XCBuildConfiguration;
			buildSettings = {
				BUNDLE_LOADER = "$(TEST_HOST)";
				INFOPLIST_FILE = myNeuroTests/Info.plist;
				LD_RUNPATH_SEARCH_PATHS = "$(inherited) @executable_path/Frameworks @loader_path/Frameworks";
				PRODUCT_BUNDLE_IDENTIFIER = com.SJM.myNeuroTests;
				PRODUCT_NAME = "$(TARGET_NAME)";
				TEST_HOST = "$(BUILT_PRODUCTS_DIR)/myNeuro.app/myNeuro";
			};
			name = Debug;
		};
		DA7B9BDB1CA370160095794F /* Release */ = {
			isa = XCBuildConfiguration;
			buildSettings = {
				BUNDLE_LOADER = "$(TEST_HOST)";
				INFOPLIST_FILE = myNeuroTests/Info.plist;
				LD_RUNPATH_SEARCH_PATHS = "$(inherited) @executable_path/Frameworks @loader_path/Frameworks";
				PRODUCT_BUNDLE_IDENTIFIER = com.SJM.myNeuroTests;
				PRODUCT_NAME = "$(TARGET_NAME)";
				TEST_HOST = "$(BUILT_PRODUCTS_DIR)/myNeuro.app/myNeuro";
			};
			name = Release;
		};
		DAA5CE8F1D2F689500CF86C8 /* Debug */ = {
			isa = XCBuildConfiguration;
			buildSettings = {
				CLANG_ANALYZER_NONNULL = YES;
				CODE_SIGN_ENTITLEMENTS = "neuroWatch Extension/neuroWatch Extension.entitlements";
				CODE_SIGN_IDENTITY = "iPhone Developer";
				"CODE_SIGN_IDENTITY[sdk=watchos*]" = "iPhone Developer";
				EMBEDDED_CONTENT_CONTAINS_SWIFT = YES;
				INFOPLIST_FILE = "neuroWatch Extension/Info.plist";
				LD_RUNPATH_SEARCH_PATHS = "$(inherited) @executable_path/Frameworks @executable_path/../../Frameworks";
				PRODUCT_BUNDLE_IDENTIFIER = com.SJM.myNeuro.watchkitapp.watchkitextension;
				PRODUCT_NAME = "${TARGET_NAME}";
				PROVISIONING_PROFILE = "";
				SDKROOT = watchos;
				SKIP_INSTALL = YES;
				TARGETED_DEVICE_FAMILY = 4;
				WATCHOS_DEPLOYMENT_TARGET = 2.2;
			};
			name = Debug;
		};
		DAA5CE901D2F689500CF86C8 /* Release */ = {
			isa = XCBuildConfiguration;
			buildSettings = {
				CLANG_ANALYZER_NONNULL = YES;
				CODE_SIGN_ENTITLEMENTS = "neuroWatch Extension/neuroWatch Extension.entitlements";
				CODE_SIGN_IDENTITY = "iPhone Developer";
				"CODE_SIGN_IDENTITY[sdk=watchos*]" = "iPhone Developer";
				EMBEDDED_CONTENT_CONTAINS_SWIFT = YES;
				INFOPLIST_FILE = "neuroWatch Extension/Info.plist";
				LD_RUNPATH_SEARCH_PATHS = "$(inherited) @executable_path/Frameworks @executable_path/../../Frameworks";
				PRODUCT_BUNDLE_IDENTIFIER = com.SJM.myNeuro.watchkitapp.watchkitextension;
				PRODUCT_NAME = "${TARGET_NAME}";
				PROVISIONING_PROFILE = "";
				SDKROOT = watchos;
				SKIP_INSTALL = YES;
				TARGETED_DEVICE_FAMILY = 4;
				WATCHOS_DEPLOYMENT_TARGET = 2.2;
			};
			name = Release;
		};
		DAA5CE931D2F689500CF86C8 /* Debug */ = {
			isa = XCBuildConfiguration;
			buildSettings = {
				ASSETCATALOG_COMPILER_APPICON_NAME = AppIcon;
				CLANG_ANALYZER_NONNULL = YES;
				CODE_SIGN_ENTITLEMENTS = neuroWatch/neuroWatch.entitlements;
				CODE_SIGN_IDENTITY = "iPhone Developer";
				"CODE_SIGN_IDENTITY[sdk=iphoneos*]" = "iPhone Developer";
				EMBEDDED_CONTENT_CONTAINS_SWIFT = YES;
				IBSC_MODULE = neuroWatch_Extension;
				INFOPLIST_FILE = neuroWatch/Info.plist;
				PRODUCT_BUNDLE_IDENTIFIER = com.SJM.myNeuro.watchkitapp;
				PRODUCT_NAME = "$(TARGET_NAME)";
				SDKROOT = watchos;
				SKIP_INSTALL = YES;
				TARGETED_DEVICE_FAMILY = 4;
				WATCHOS_DEPLOYMENT_TARGET = 2.2;
			};
			name = Debug;
		};
		DAA5CE941D2F689500CF86C8 /* Release */ = {
			isa = XCBuildConfiguration;
			buildSettings = {
				ASSETCATALOG_COMPILER_APPICON_NAME = AppIcon;
				CLANG_ANALYZER_NONNULL = YES;
				CODE_SIGN_ENTITLEMENTS = neuroWatch/neuroWatch.entitlements;
				CODE_SIGN_IDENTITY = "iPhone Developer";
				"CODE_SIGN_IDENTITY[sdk=iphoneos*]" = "iPhone Developer";
				EMBEDDED_CONTENT_CONTAINS_SWIFT = YES;
				IBSC_MODULE = neuroWatch_Extension;
				INFOPLIST_FILE = neuroWatch/Info.plist;
				PRODUCT_BUNDLE_IDENTIFIER = com.SJM.myNeuro.watchkitapp;
				PRODUCT_NAME = "$(TARGET_NAME)";
				SDKROOT = watchos;
				SKIP_INSTALL = YES;
				TARGETED_DEVICE_FAMILY = 4;
				WATCHOS_DEPLOYMENT_TARGET = 2.2;
			};
			name = Release;
		};
/* End XCBuildConfiguration section */

/* Begin XCConfigurationList section */
		DA7B9BB41CA370160095794F /* Build configuration list for PBXProject "myNeuro" */ = {
			isa = XCConfigurationList;
			buildConfigurations = (
				DA7B9BD41CA370160095794F /* Debug */,
				DA7B9BD51CA370160095794F /* Release */,
			);
			defaultConfigurationIsVisible = 0;
			defaultConfigurationName = Release;
		};
		DA7B9BD61CA370160095794F /* Build configuration list for PBXNativeTarget "myNeuro" */ = {
			isa = XCConfigurationList;
			buildConfigurations = (
				DA7B9BD71CA370160095794F /* Debug */,
				DA7B9BD81CA370160095794F /* Release */,
			);
			defaultConfigurationIsVisible = 0;
			defaultConfigurationName = Release;
		};
		DA7B9BD91CA370160095794F /* Build configuration list for PBXNativeTarget "myNeuroTests" */ = {
			isa = XCConfigurationList;
			buildConfigurations = (
				DA7B9BDA1CA370160095794F /* Debug */,
				DA7B9BDB1CA370160095794F /* Release */,
			);
			defaultConfigurationIsVisible = 0;
			defaultConfigurationName = Release;
		};
		DAA5CE8E1D2F689500CF86C8 /* Build configuration list for PBXNativeTarget "neuroWatch Extension" */ = {
			isa = XCConfigurationList;
			buildConfigurations = (
				DAA5CE8F1D2F689500CF86C8 /* Debug */,
				DAA5CE901D2F689500CF86C8 /* Release */,
			);
			defaultConfigurationIsVisible = 0;
			defaultConfigurationName = Release;
		};
		DAA5CE921D2F689500CF86C8 /* Build configuration list for PBXNativeTarget "neuroWatch" */ = {
			isa = XCConfigurationList;
			buildConfigurations = (
				DAA5CE931D2F689500CF86C8 /* Debug */,
				DAA5CE941D2F689500CF86C8 /* Release */,
			);
			defaultConfigurationIsVisible = 0;
			defaultConfigurationName = Release;
		};
/* End XCConfigurationList section */

/* Begin XCVersionGroup section */
		DAA5CE6A1D2F595100CF86C8 /* myNeuro.xcdatamodeld */ = {
			isa = XCVersionGroup;
			children = (
				DAA5CE6B1D2F595100CF86C8 /* myNeuro.xcdatamodel */,
			);
			currentVersion = DAA5CE6B1D2F595100CF86C8 /* myNeuro.xcdatamodel */;
			path = myNeuro.xcdatamodeld;
			sourceTree = "<group>";
			versionGroupType = wrapper.xcdatamodel;
		};
/* End XCVersionGroup section */
	};
	rootObject = DA7B9BB11CA370160095794F /* Project object */;
}
